// !$*UTF8*$!
{
	archiveVersion = 1;
	classes = {
	};
	objectVersion = 48;
	objects = {

/* Begin PBXBuildFile section */
		19B47C5BDDCD5BA70933E780 /* Pods_koozeh_ios.framework in Frameworks */ = {isa = PBXBuildFile; fileRef = FBC517B9BE23ACAADE9A2242 /* Pods_koozeh_ios.framework */; };
		56DA34D7109FADE3E9178A18 /* Pods_koozeh_iosTests.framework in Frameworks */ = {isa = PBXBuildFile; fileRef = FF30BC3F6762F78E0BD55FD2 /* Pods_koozeh_iosTests.framework */; };
		5D00BD7B1FDE6FC800EB2A89 /* IssueResponse.m in Sources */ = {isa = PBXBuildFile; fileRef = 5D00BD7A1FDE6FC800EB2A89 /* IssueResponse.m */; };
		5D00BD851FDE85D100EB2A89 /* Issue.m in Sources */ = {isa = PBXBuildFile; fileRef = 5D00BD841FDE85D100EB2A89 /* Issue.m */; };
		5D00BD881FDE93DE00EB2A89 /* IssueRestService.m in Sources */ = {isa = PBXBuildFile; fileRef = 5D00BD871FDE93DE00EB2A89 /* IssueRestService.m */; };
		5D00BD8C1FDE9F4500EB2A89 /* IssueManager.m in Sources */ = {isa = PBXBuildFile; fileRef = 5D00BD8B1FDE9F4500EB2A89 /* IssueManager.m */; };
		5D00BD901FDEB0AA00EB2A89 /* IssuesViewController.m in Sources */ = {isa = PBXBuildFile; fileRef = 5D00BD8F1FDEB0AA00EB2A89 /* IssuesViewController.m */; };
		5D00BD931FDEF33800EB2A89 /* IssueCollectionViewCell.m in Sources */ = {isa = PBXBuildFile; fileRef = 5D00BD921FDEF33800EB2A89 /* IssueCollectionViewCell.m */; };
		5D09FDD720733C38009DAD61 /* User.m in Sources */ = {isa = PBXBuildFile; fileRef = 5D09FDD620733C38009DAD61 /* User.m */; };
		5D09FDDA20735D8A009DAD61 /* EditUserProfileViewController.m in Sources */ = {isa = PBXBuildFile; fileRef = 5D09FDD920735D8A009DAD61 /* EditUserProfileViewController.m */; };
		5D09FDDE2073D591009DAD61 /* SupportViewController.m in Sources */ = {isa = PBXBuildFile; fileRef = 5D09FDDD2073D591009DAD61 /* SupportViewController.m */; };
		5D1ACCE51FEAA08300D88056 /* AboutViewController.m in Sources */ = {isa = PBXBuildFile; fileRef = 5D1ACCE41FEAA08300D88056 /* AboutViewController.m */; };
		5D350E901FE3094D00AC749D /* UIColor+ColorUtil.m in Sources */ = {isa = PBXBuildFile; fileRef = 5D350E8F1FE3094D00AC749D /* UIColor+ColorUtil.m */; };
		5D3CDB491FE3B5E100D7FB41 /* PageResponse.m in Sources */ = {isa = PBXBuildFile; fileRef = 5D3CDB481FE3B5E100D7FB41 /* PageResponse.m */; };
		5D3CDB4C1FE3B7ED00D7FB41 /* MediaResponse.m in Sources */ = {isa = PBXBuildFile; fileRef = 5D3CDB4B1FE3B7ED00D7FB41 /* MediaResponse.m */; };
		5D3CDB4F1FE3E89900D7FB41 /* Page.m in Sources */ = {isa = PBXBuildFile; fileRef = 5D3CDB4E1FE3E89900D7FB41 /* Page.m */; };
		5D3CDB521FE3E91E00D7FB41 /* Media.m in Sources */ = {isa = PBXBuildFile; fileRef = 5D3CDB511FE3E91E00D7FB41 /* Media.m */; };
		5D3CDB551FE3FD7700D7FB41 /* PageContentViewController.m in Sources */ = {isa = PBXBuildFile; fileRef = 5D3CDB541FE3FD7700D7FB41 /* PageContentViewController.m */; };
		5D3CDB581FE4390400D7FB41 /* RightMenuViewController.m in Sources */ = {isa = PBXBuildFile; fileRef = 5D3CDB571FE4390400D7FB41 /* RightMenuViewController.m */; };
		5D3CDB5B1FE43AAA00D7FB41 /* RightMenuViewCell.m in Sources */ = {isa = PBXBuildFile; fileRef = 5D3CDB5A1FE43AAA00D7FB41 /* RightMenuViewCell.m */; };
		5D3CDB5E1FE44AD400D7FB41 /* UIFont+FontUtil.m in Sources */ = {isa = PBXBuildFile; fileRef = 5D3CDB5D1FE44AD400D7FB41 /* UIFont+FontUtil.m */; };
		5D3FC33D206F49460084E45B /* BookmarksViewController.m in Sources */ = {isa = PBXBuildFile; fileRef = 5D3FC33C206F49460084E45B /* BookmarksViewController.m */; };
		5D3FC340206F49B40084E45B /* CustomTableViewController.m in Sources */ = {isa = PBXBuildFile; fileRef = 5D3FC33F206F49B40084E45B /* CustomTableViewController.m */; };
		5D3FC34320717CDC0084E45B /* BookmarkTableViewCell.m in Sources */ = {isa = PBXBuildFile; fileRef = 5D3FC34220717CDC0084E45B /* BookmarkTableViewCell.m */; };
		5D3FC3462071DA240084E45B /* BookmarkCollectionViewCell.m in Sources */ = {isa = PBXBuildFile; fileRef = 5D3FC3452071DA240084E45B /* BookmarkCollectionViewCell.m */; };
		5D3FC349207282D80084E45B /* MediaPlayerViewController.m in Sources */ = {isa = PBXBuildFile; fileRef = 5D3FC348207282D80084E45B /* MediaPlayerViewController.m */; };
		5D3FC34D2072999D0084E45B /* UserProfileViewController.m in Sources */ = {isa = PBXBuildFile; fileRef = 5D3FC34C2072999D0084E45B /* UserProfileViewController.m */; };
		5D3FC3502072A16A0084E45B /* UserResponse.m in Sources */ = {isa = PBXBuildFile; fileRef = 5D3FC34F2072A16A0084E45B /* UserResponse.m */; };
		5D6808501FD9C4C900FE7424 /* IntroPageViewController.m in Sources */ = {isa = PBXBuildFile; fileRef = 5D68084F1FD9C4C900FE7424 /* IntroPageViewController.m */; };
		5D6808531FD9C67600FE7424 /* RootViewController.m in Sources */ = {isa = PBXBuildFile; fileRef = 5D6808521FD9C67600FE7424 /* RootViewController.m */; };
		5D6BC1411FDE6645004A4B46 /* SessionManager.m in Sources */ = {isa = PBXBuildFile; fileRef = 5D6BC1401FDE6645004A4B46 /* SessionManager.m */; };
		5D8780D51FE26DAD00CB96C4 /* CustomNavigationBarViewController.m in Sources */ = {isa = PBXBuildFile; fileRef = 5D8780D41FE26DAD00CB96C4 /* CustomNavigationBarViewController.m */; };
		5D8780EF1FE2768E00CB96C4 /* menu-button.png in Resources */ = {isa = PBXBuildFile; fileRef = 5D8780DF1FE2768D00CB96C4 /* menu-button.png */; };
		5D8780F01FE2768E00CB96C4 /* menu-button@2x.png in Resources */ = {isa = PBXBuildFile; fileRef = 5D8780E01FE2768D00CB96C4 /* menu-button@2x.png */; };
		5D8780F11FE2768E00CB96C4 /* SlideNavigationController.m in Sources */ = {isa = PBXBuildFile; fileRef = 5D8780E21FE2768E00CB96C4 /* SlideNavigationController.m */; };
		5D8780F21FE2768E00CB96C4 /* SlideNavigationContorllerAnimatorSlide.m in Sources */ = {isa = PBXBuildFile; fileRef = 5D8780E41FE2768E00CB96C4 /* SlideNavigationContorllerAnimatorSlide.m */; };
		5D8780F31FE2768E00CB96C4 /* SlideNavigationContorllerAnimatorScaleAndFade.m in Sources */ = {isa = PBXBuildFile; fileRef = 5D8780E51FE2768E00CB96C4 /* SlideNavigationContorllerAnimatorScaleAndFade.m */; };
		5D8780F41FE2768E00CB96C4 /* SlideNavigationContorllerAnimatorSlideAndFade.m in Sources */ = {isa = PBXBuildFile; fileRef = 5D8780EA1FE2768E00CB96C4 /* SlideNavigationContorllerAnimatorSlideAndFade.m */; };
		5D8780F51FE2768E00CB96C4 /* SlideNavigationContorllerAnimatorScale.m in Sources */ = {isa = PBXBuildFile; fileRef = 5D8780EB1FE2768E00CB96C4 /* SlideNavigationContorllerAnimatorScale.m */; };
		5D8780F61FE2768E00CB96C4 /* SlideNavigationContorllerAnimatorFade.m in Sources */ = {isa = PBXBuildFile; fileRef = 5D8780EC1FE2768E00CB96C4 /* SlideNavigationContorllerAnimatorFade.m */; };
		5D8780FD1FE2E2C900CB96C4 /* PageSliderViewController.m in Sources */ = {isa = PBXBuildFile; fileRef = 5D8780FC1FE2E2C900CB96C4 /* PageSliderViewController.m */; };
		5D988D161FD81A91002B7C0A /* IntroPageContentViewController.m in Sources */ = {isa = PBXBuildFile; fileRef = 5D988D151FD81A91002B7C0A /* IntroPageContentViewController.m */; };
		5D988D1D1FD81FAE002B7C0A /* Messages.plist in Resources */ = {isa = PBXBuildFile; fileRef = 5D988D1C1FD81FAE002B7C0A /* Messages.plist */; };
		5D988D211FD82037002B7C0A /* MessageUtil.m in Sources */ = {isa = PBXBuildFile; fileRef = 5D988D201FD82037002B7C0A /* MessageUtil.m */; };
		5DB2C8501FE9258900235B73 /* MediaViewController.m in Sources */ = {isa = PBXBuildFile; fileRef = 5DB2C84F1FE9258900235B73 /* MediaViewController.m */; };
		5DD136E01FD7CE8400D66B13 /* AppDelegate.m in Sources */ = {isa = PBXBuildFile; fileRef = 5DD136DF1FD7CE8400D66B13 /* AppDelegate.m */; };
		5DD136E61FD7CE8400D66B13 /* Main.storyboard in Resources */ = {isa = PBXBuildFile; fileRef = 5DD136E41FD7CE8400D66B13 /* Main.storyboard */; };
		5DD136EB1FD7CE8400D66B13 /* LaunchScreen.storyboard in Resources */ = {isa = PBXBuildFile; fileRef = 5DD136E91FD7CE8400D66B13 /* LaunchScreen.storyboard */; };
		5DD136EE1FD7CE8400D66B13 /* main.m in Sources */ = {isa = PBXBuildFile; fileRef = 5DD136ED1FD7CE8400D66B13 /* main.m */; };
		5DD136F81FD7CE8400D66B13 /* koozeh_iosTests.m in Sources */ = {isa = PBXBuildFile; fileRef = 5DD136F71FD7CE8400D66B13 /* koozeh_iosTests.m */; };
		5DD137031FD7CE8400D66B13 /* koozeh_iosUITests.m in Sources */ = {isa = PBXBuildFile; fileRef = 5DD137021FD7CE8400D66B13 /* koozeh_iosUITests.m */; };
		5DD137201FD8136F00D66B13 /* Samim-FD.ttf in Resources */ = {isa = PBXBuildFile; fileRef = 5DD1371E1FD8136E00D66B13 /* Samim-FD.ttf */; };
		5DD137211FD8136F00D66B13 /* Samim-Bold-FD.ttf in Resources */ = {isa = PBXBuildFile; fileRef = 5DD1371F1FD8136F00D66B13 /* Samim-Bold-FD.ttf */; };
		5DD3A0AE205CE9F40039B05E /* BookmarkManager.m in Sources */ = {isa = PBXBuildFile; fileRef = 5DD3A0AD205CE9F40039B05E /* BookmarkManager.m */; };
		5DD3A0B1205CEAF10039B05E /* Bookmark.m in Sources */ = {isa = PBXBuildFile; fileRef = 5DD3A0B0205CEAF10039B05E /* Bookmark.m */; };
		5DD3A0B4205CEB280039B05E /* BookmarkResponse.m in Sources */ = {isa = PBXBuildFile; fileRef = 5DD3A0B3205CEB280039B05E /* BookmarkResponse.m */; };
		5DD3A0B7205CF3790039B05E /* BookmarkRestService.m in Sources */ = {isa = PBXBuildFile; fileRef = 5DD3A0B6205CF3790039B05E /* BookmarkRestService.m */; };
		5DD3A0C1206923070039B05E /* PageThumbnailsViewController.m in Sources */ = {isa = PBXBuildFile; fileRef = 5DD3A0C0206923070039B05E /* PageThumbnailsViewController.m */; };
		5DD3A0C4206A1A5B0039B05E /* PageThumbnailCell.m in Sources */ = {isa = PBXBuildFile; fileRef = 5DD3A0C3206A1A5A0039B05E /* PageThumbnailCell.m */; };
		5DD3A0C8206A3EF60039B05E /* IssueViewController.m in Sources */ = {isa = PBXBuildFile; fileRef = 5DD3A0C7206A3EF50039B05E /* IssueViewController.m */; };
		5DDDAF012046E2DB00D36045 /* LoginViewController.m in Sources */ = {isa = PBXBuildFile; fileRef = 5DDDAF002046E2DB00D36045 /* LoginViewController.m */; };
		5DDDAF042047D3BA00D36045 /* AIranianSansBold.ttf in Resources */ = {isa = PBXBuildFile; fileRef = 5DDDAF022047D3BA00D36045 /* AIranianSansBold.ttf */; };
		5DDDAF052047D3BA00D36045 /* Shabnam-FD.ttf in Resources */ = {isa = PBXBuildFile; fileRef = 5DDDAF032047D3BA00D36045 /* Shabnam-FD.ttf */; };
		5DDDAF082049167700D36045 /* SignInResponse.m in Sources */ = {isa = PBXBuildFile; fileRef = 5DDDAF072049167700D36045 /* SignInResponse.m */; };
		5DDDAF0B2049337700D36045 /* UserRestService.m in Sources */ = {isa = PBXBuildFile; fileRef = 5DDDAF0A2049337700D36045 /* UserRestService.m */; };
		5DDDAF0E20499E7400D36045 /* UserManager.m in Sources */ = {isa = PBXBuildFile; fileRef = 5DDDAF0D20499E7400D36045 /* UserManager.m */; };
		5DDDAF112049A02100D36045 /* SystemUtil.m in Sources */ = {isa = PBXBuildFile; fileRef = 5DDDAF102049A02100D36045 /* SystemUtil.m */; };
		5DDDAF142049B13000D36045 /* UIViewUtil.m in Sources */ = {isa = PBXBuildFile; fileRef = 5DDDAF132049B13000D36045 /* UIViewUtil.m */; };
		5DDDAF17204A7D2600D36045 /* PingRestService.m in Sources */ = {isa = PBXBuildFile; fileRef = 5DDDAF16204A7D2600D36045 /* PingRestService.m */; };
		5DDDAF1D204A839F00D36045 /* PingManager.m in Sources */ = {isa = PBXBuildFile; fileRef = 5DDDAF1C204A839F00D36045 /* PingManager.m */; };
		5DDDAF20204A87EA00D36045 /* CustomMessageBarViewController.m in Sources */ = {isa = PBXBuildFile; fileRef = 5DDDAF1F204A87EA00D36045 /* CustomMessageBarViewController.m */; };
		5DDDAF23204AC9F700D36045 /* VerifyDeviceResponse.m in Sources */ = {isa = PBXBuildFile; fileRef = 5DDDAF22204AC9F700D36045 /* VerifyDeviceResponse.m */; };
		5DDDAF28204BF4C300D36045 /* SignInRequest.m in Sources */ = {isa = PBXBuildFile; fileRef = 5DDDAF27204BF4C300D36045 /* SignInRequest.m */; };
		5DDDAF2B204D176A00D36045 /* PageManager.m in Sources */ = {isa = PBXBuildFile; fileRef = 5DDDAF2A204D176A00D36045 /* PageManager.m */; };
		5DDDAF2E204D32BE00D36045 /* Magazine.m in Sources */ = {isa = PBXBuildFile; fileRef = 5DDDAF2D204D32BE00D36045 /* Magazine.m */; };
		5DDDAF31204D34FF00D36045 /* PageRestService.m in Sources */ = {isa = PBXBuildFile; fileRef = 5DDDAF30204D34FF00D36045 /* PageRestService.m */; };
		5DDDAF34204D561B00D36045 /* MagazineResponse.m in Sources */ = {isa = PBXBuildFile; fileRef = 5DDDAF33204D561B00D36045 /* MagazineResponse.m */; };
		5DDDAF37204E7DF900D36045 /* MagazineManager.m in Sources */ = {isa = PBXBuildFile; fileRef = 5DDDAF36204E7DF900D36045 /* MagazineManager.m */; };
		5DDDAF3A204E7E1600D36045 /* MagazineRestService.m in Sources */ = {isa = PBXBuildFile; fileRef = 5DDDAF39204E7E1600D36045 /* MagazineRestService.m */; };
		5DDDAF41204FC6C400D36045 /* MagazineCollectionViewController.m in Sources */ = {isa = PBXBuildFile; fileRef = 5DDDAF40204FC6C400D36045 /* MagazineCollectionViewController.m */; };
		5DDDAF44204FC6F000D36045 /* MagazineCollectionViewCell.m in Sources */ = {isa = PBXBuildFile; fileRef = 5DDDAF43204FC6F000D36045 /* MagazineCollectionViewCell.m */; };
		5DDDAF4A204FCF3500D36045 /* CustomCollectionViewController.m in Sources */ = {isa = PBXBuildFile; fileRef = 5DDDAF49204FCF3500D36045 /* CustomCollectionViewController.m */; };
		5DDDAF4C204FF9A100D36045 /* Assets.xcassets in Resources */ = {isa = PBXBuildFile; fileRef = 5DDDAF4B204FF99800D36045 /* Assets.xcassets */; };
		78696B0BBB1EFEE95B1BA40E /* Pods_koozeh_iosUITests.framework in Frameworks */ = {isa = PBXBuildFile; fileRef = 20FAE61653830FB8892FB349 /* Pods_koozeh_iosUITests.framework */; };
/* End PBXBuildFile section */

/* Begin PBXContainerItemProxy section */
		5DD136F41FD7CE8400D66B13 /* PBXContainerItemProxy */ = {
			isa = PBXContainerItemProxy;
			containerPortal = 5DD136D31FD7CE8400D66B13 /* Project object */;
			proxyType = 1;
			remoteGlobalIDString = 5DD136DA1FD7CE8400D66B13;
			remoteInfo = "koozeh-ios";
		};
		5DD136FF1FD7CE8400D66B13 /* PBXContainerItemProxy */ = {
			isa = PBXContainerItemProxy;
			containerPortal = 5DD136D31FD7CE8400D66B13 /* Project object */;
			proxyType = 1;
			remoteGlobalIDString = 5DD136DA1FD7CE8400D66B13;
			remoteInfo = "koozeh-ios";
		};
/* End PBXContainerItemProxy section */

/* Begin PBXFileReference section */
		10009186FFCD4EBB194889A4 /* Pods-koozeh-ios.release.xcconfig */ = {isa = PBXFileReference; includeInIndex = 1; lastKnownFileType = text.xcconfig; name = "Pods-koozeh-ios.release.xcconfig"; path = "Pods/Target Support Files/Pods-koozeh-ios/Pods-koozeh-ios.release.xcconfig"; sourceTree = "<group>"; };
		20FAE61653830FB8892FB349 /* Pods_koozeh_iosUITests.framework */ = {isa = PBXFileReference; explicitFileType = wrapper.framework; includeInIndex = 0; path = Pods_koozeh_iosUITests.framework; sourceTree = BUILT_PRODUCTS_DIR; };
		39852C06F1712EE4D36D3BDD /* Pods-koozeh-iosUITests.debug.xcconfig */ = {isa = PBXFileReference; includeInIndex = 1; lastKnownFileType = text.xcconfig; name = "Pods-koozeh-iosUITests.debug.xcconfig"; path = "Pods/Target Support Files/Pods-koozeh-iosUITests/Pods-koozeh-iosUITests.debug.xcconfig"; sourceTree = "<group>"; };
		5D00BD791FDE6FC800EB2A89 /* IssueResponse.h */ = {isa = PBXFileReference; lastKnownFileType = sourcecode.c.h; path = IssueResponse.h; sourceTree = "<group>"; };
		5D00BD7A1FDE6FC800EB2A89 /* IssueResponse.m */ = {isa = PBXFileReference; lastKnownFileType = sourcecode.c.objc; path = IssueResponse.m; sourceTree = "<group>"; };
		5D00BD831FDE85D100EB2A89 /* Issue.h */ = {isa = PBXFileReference; lastKnownFileType = sourcecode.c.h; path = Issue.h; sourceTree = "<group>"; };
		5D00BD841FDE85D100EB2A89 /* Issue.m */ = {isa = PBXFileReference; lastKnownFileType = sourcecode.c.objc; path = Issue.m; sourceTree = "<group>"; };
		5D00BD861FDE93DE00EB2A89 /* IssueRestService.h */ = {isa = PBXFileReference; lastKnownFileType = sourcecode.c.h; path = IssueRestService.h; sourceTree = "<group>"; };
		5D00BD871FDE93DE00EB2A89 /* IssueRestService.m */ = {isa = PBXFileReference; lastKnownFileType = sourcecode.c.objc; path = IssueRestService.m; sourceTree = "<group>"; };
		5D00BD8A1FDE9F4500EB2A89 /* IssueManager.h */ = {isa = PBXFileReference; lastKnownFileType = sourcecode.c.h; path = IssueManager.h; sourceTree = "<group>"; };
		5D00BD8B1FDE9F4500EB2A89 /* IssueManager.m */ = {isa = PBXFileReference; lastKnownFileType = sourcecode.c.objc; path = IssueManager.m; sourceTree = "<group>"; };
		5D00BD8E1FDEB0AA00EB2A89 /* IssuesViewController.h */ = {isa = PBXFileReference; lastKnownFileType = sourcecode.c.h; path = IssuesViewController.h; sourceTree = "<group>"; };
		5D00BD8F1FDEB0AA00EB2A89 /* IssuesViewController.m */ = {isa = PBXFileReference; lastKnownFileType = sourcecode.c.objc; path = IssuesViewController.m; sourceTree = "<group>"; };
		5D00BD911FDEF33800EB2A89 /* IssueCollectionViewCell.h */ = {isa = PBXFileReference; lastKnownFileType = sourcecode.c.h; path = IssueCollectionViewCell.h; sourceTree = "<group>"; };
		5D00BD921FDEF33800EB2A89 /* IssueCollectionViewCell.m */ = {isa = PBXFileReference; lastKnownFileType = sourcecode.c.objc; path = IssueCollectionViewCell.m; sourceTree = "<group>"; };
		5D09FDD520733C38009DAD61 /* User.h */ = {isa = PBXFileReference; lastKnownFileType = sourcecode.c.h; path = User.h; sourceTree = "<group>"; };
		5D09FDD620733C38009DAD61 /* User.m */ = {isa = PBXFileReference; lastKnownFileType = sourcecode.c.objc; path = User.m; sourceTree = "<group>"; };
		5D09FDD820735D8A009DAD61 /* EditUserProfileViewController.h */ = {isa = PBXFileReference; lastKnownFileType = sourcecode.c.h; path = EditUserProfileViewController.h; sourceTree = "<group>"; };
		5D09FDD920735D8A009DAD61 /* EditUserProfileViewController.m */ = {isa = PBXFileReference; lastKnownFileType = sourcecode.c.objc; path = EditUserProfileViewController.m; sourceTree = "<group>"; };
		5D09FDDC2073D591009DAD61 /* SupportViewController.h */ = {isa = PBXFileReference; lastKnownFileType = sourcecode.c.h; path = SupportViewController.h; sourceTree = "<group>"; };
		5D09FDDD2073D591009DAD61 /* SupportViewController.m */ = {isa = PBXFileReference; lastKnownFileType = sourcecode.c.objc; path = SupportViewController.m; sourceTree = "<group>"; };
		5D1ACCE31FEAA08300D88056 /* AboutViewController.h */ = {isa = PBXFileReference; lastKnownFileType = sourcecode.c.h; path = AboutViewController.h; sourceTree = "<group>"; };
		5D1ACCE41FEAA08300D88056 /* AboutViewController.m */ = {isa = PBXFileReference; lastKnownFileType = sourcecode.c.objc; path = AboutViewController.m; sourceTree = "<group>"; };
		5D350E8E1FE3094D00AC749D /* UIColor+ColorUtil.h */ = {isa = PBXFileReference; lastKnownFileType = sourcecode.c.h; path = "UIColor+ColorUtil.h"; sourceTree = "<group>"; };
		5D350E8F1FE3094D00AC749D /* UIColor+ColorUtil.m */ = {isa = PBXFileReference; lastKnownFileType = sourcecode.c.objc; path = "UIColor+ColorUtil.m"; sourceTree = "<group>"; };
		5D3CDB471FE3B5E100D7FB41 /* PageResponse.h */ = {isa = PBXFileReference; lastKnownFileType = sourcecode.c.h; path = PageResponse.h; sourceTree = "<group>"; };
		5D3CDB481FE3B5E100D7FB41 /* PageResponse.m */ = {isa = PBXFileReference; lastKnownFileType = sourcecode.c.objc; path = PageResponse.m; sourceTree = "<group>"; };
		5D3CDB4A1FE3B7ED00D7FB41 /* MediaResponse.h */ = {isa = PBXFileReference; lastKnownFileType = sourcecode.c.h; path = MediaResponse.h; sourceTree = "<group>"; };
		5D3CDB4B1FE3B7ED00D7FB41 /* MediaResponse.m */ = {isa = PBXFileReference; lastKnownFileType = sourcecode.c.objc; path = MediaResponse.m; sourceTree = "<group>"; };
		5D3CDB4D1FE3E89900D7FB41 /* Page.h */ = {isa = PBXFileReference; lastKnownFileType = sourcecode.c.h; path = Page.h; sourceTree = "<group>"; };
		5D3CDB4E1FE3E89900D7FB41 /* Page.m */ = {isa = PBXFileReference; lastKnownFileType = sourcecode.c.objc; path = Page.m; sourceTree = "<group>"; };
		5D3CDB501FE3E91E00D7FB41 /* Media.h */ = {isa = PBXFileReference; lastKnownFileType = sourcecode.c.h; path = Media.h; sourceTree = "<group>"; };
		5D3CDB511FE3E91E00D7FB41 /* Media.m */ = {isa = PBXFileReference; lastKnownFileType = sourcecode.c.objc; path = Media.m; sourceTree = "<group>"; };
		5D3CDB531FE3FD7700D7FB41 /* PageContentViewController.h */ = {isa = PBXFileReference; lastKnownFileType = sourcecode.c.h; path = PageContentViewController.h; sourceTree = "<group>"; };
		5D3CDB541FE3FD7700D7FB41 /* PageContentViewController.m */ = {isa = PBXFileReference; lastKnownFileType = sourcecode.c.objc; path = PageContentViewController.m; sourceTree = "<group>"; };
		5D3CDB561FE4390400D7FB41 /* RightMenuViewController.h */ = {isa = PBXFileReference; lastKnownFileType = sourcecode.c.h; path = RightMenuViewController.h; sourceTree = "<group>"; };
		5D3CDB571FE4390400D7FB41 /* RightMenuViewController.m */ = {isa = PBXFileReference; lastKnownFileType = sourcecode.c.objc; path = RightMenuViewController.m; sourceTree = "<group>"; };
		5D3CDB591FE43AAA00D7FB41 /* RightMenuViewCell.h */ = {isa = PBXFileReference; lastKnownFileType = sourcecode.c.h; path = RightMenuViewCell.h; sourceTree = "<group>"; };
		5D3CDB5A1FE43AAA00D7FB41 /* RightMenuViewCell.m */ = {isa = PBXFileReference; lastKnownFileType = sourcecode.c.objc; path = RightMenuViewCell.m; sourceTree = "<group>"; };
		5D3CDB5C1FE44AD400D7FB41 /* UIFont+FontUtil.h */ = {isa = PBXFileReference; lastKnownFileType = sourcecode.c.h; path = "UIFont+FontUtil.h"; sourceTree = "<group>"; };
		5D3CDB5D1FE44AD400D7FB41 /* UIFont+FontUtil.m */ = {isa = PBXFileReference; lastKnownFileType = sourcecode.c.objc; path = "UIFont+FontUtil.m"; sourceTree = "<group>"; };
		5D3FC33B206F49460084E45B /* BookmarksViewController.h */ = {isa = PBXFileReference; lastKnownFileType = sourcecode.c.h; path = BookmarksViewController.h; sourceTree = "<group>"; };
		5D3FC33C206F49460084E45B /* BookmarksViewController.m */ = {isa = PBXFileReference; lastKnownFileType = sourcecode.c.objc; path = BookmarksViewController.m; sourceTree = "<group>"; };
		5D3FC33E206F49B40084E45B /* CustomTableViewController.h */ = {isa = PBXFileReference; lastKnownFileType = sourcecode.c.h; path = CustomTableViewController.h; sourceTree = "<group>"; };
		5D3FC33F206F49B40084E45B /* CustomTableViewController.m */ = {isa = PBXFileReference; lastKnownFileType = sourcecode.c.objc; path = CustomTableViewController.m; sourceTree = "<group>"; };
		5D3FC34120717CDC0084E45B /* BookmarkTableViewCell.h */ = {isa = PBXFileReference; lastKnownFileType = sourcecode.c.h; path = BookmarkTableViewCell.h; sourceTree = "<group>"; };
		5D3FC34220717CDC0084E45B /* BookmarkTableViewCell.m */ = {isa = PBXFileReference; lastKnownFileType = sourcecode.c.objc; path = BookmarkTableViewCell.m; sourceTree = "<group>"; };
		5D3FC3442071DA240084E45B /* BookmarkCollectionViewCell.h */ = {isa = PBXFileReference; lastKnownFileType = sourcecode.c.h; path = BookmarkCollectionViewCell.h; sourceTree = "<group>"; };
		5D3FC3452071DA240084E45B /* BookmarkCollectionViewCell.m */ = {isa = PBXFileReference; lastKnownFileType = sourcecode.c.objc; path = BookmarkCollectionViewCell.m; sourceTree = "<group>"; };
		5D3FC347207282D80084E45B /* MediaPlayerViewController.h */ = {isa = PBXFileReference; lastKnownFileType = sourcecode.c.h; path = MediaPlayerViewController.h; sourceTree = "<group>"; };
		5D3FC348207282D80084E45B /* MediaPlayerViewController.m */ = {isa = PBXFileReference; lastKnownFileType = sourcecode.c.objc; path = MediaPlayerViewController.m; sourceTree = "<group>"; };
		5D3FC34B2072999D0084E45B /* UserProfileViewController.h */ = {isa = PBXFileReference; lastKnownFileType = sourcecode.c.h; path = UserProfileViewController.h; sourceTree = "<group>"; };
		5D3FC34C2072999D0084E45B /* UserProfileViewController.m */ = {isa = PBXFileReference; lastKnownFileType = sourcecode.c.objc; path = UserProfileViewController.m; sourceTree = "<group>"; };
		5D3FC34E2072A16A0084E45B /* UserResponse.h */ = {isa = PBXFileReference; lastKnownFileType = sourcecode.c.h; path = UserResponse.h; sourceTree = "<group>"; };
		5D3FC34F2072A16A0084E45B /* UserResponse.m */ = {isa = PBXFileReference; lastKnownFileType = sourcecode.c.objc; path = UserResponse.m; sourceTree = "<group>"; };
		5D68084E1FD9C4C900FE7424 /* IntroPageViewController.h */ = {isa = PBXFileReference; lastKnownFileType = sourcecode.c.h; path = IntroPageViewController.h; sourceTree = "<group>"; };
		5D68084F1FD9C4C900FE7424 /* IntroPageViewController.m */ = {isa = PBXFileReference; lastKnownFileType = sourcecode.c.objc; path = IntroPageViewController.m; sourceTree = "<group>"; };
		5D6808511FD9C67600FE7424 /* RootViewController.h */ = {isa = PBXFileReference; lastKnownFileType = sourcecode.c.h; path = RootViewController.h; sourceTree = "<group>"; };
		5D6808521FD9C67600FE7424 /* RootViewController.m */ = {isa = PBXFileReference; lastKnownFileType = sourcecode.c.objc; path = RootViewController.m; sourceTree = "<group>"; };
		5D6BC13F1FDE6645004A4B46 /* SessionManager.h */ = {isa = PBXFileReference; lastKnownFileType = sourcecode.c.h; path = SessionManager.h; sourceTree = "<group>"; };
		5D6BC1401FDE6645004A4B46 /* SessionManager.m */ = {isa = PBXFileReference; lastKnownFileType = sourcecode.c.objc; path = SessionManager.m; sourceTree = "<group>"; };
		5D8780D31FE26DAD00CB96C4 /* CustomNavigationBarViewController.h */ = {isa = PBXFileReference; lastKnownFileType = sourcecode.c.h; path = CustomNavigationBarViewController.h; sourceTree = "<group>"; };
		5D8780D41FE26DAD00CB96C4 /* CustomNavigationBarViewController.m */ = {isa = PBXFileReference; lastKnownFileType = sourcecode.c.objc; path = CustomNavigationBarViewController.m; sourceTree = "<group>"; };
		5D8780DF1FE2768D00CB96C4 /* menu-button.png */ = {isa = PBXFileReference; lastKnownFileType = image.png; path = "menu-button.png"; sourceTree = "<group>"; };
		5D8780E01FE2768D00CB96C4 /* menu-button@2x.png */ = {isa = PBXFileReference; lastKnownFileType = image.png; path = "menu-button@2x.png"; sourceTree = "<group>"; };
		5D8780E11FE2768D00CB96C4 /* SlideNavigationController.h */ = {isa = PBXFileReference; fileEncoding = 4; lastKnownFileType = sourcecode.c.h; path = SlideNavigationController.h; sourceTree = "<group>"; };
		5D8780E21FE2768E00CB96C4 /* SlideNavigationController.m */ = {isa = PBXFileReference; fileEncoding = 4; lastKnownFileType = sourcecode.c.objc; path = SlideNavigationController.m; sourceTree = "<group>"; };
		5D8780E41FE2768E00CB96C4 /* SlideNavigationContorllerAnimatorSlide.m */ = {isa = PBXFileReference; fileEncoding = 4; lastKnownFileType = sourcecode.c.objc; path = SlideNavigationContorllerAnimatorSlide.m; sourceTree = "<group>"; };
		5D8780E51FE2768E00CB96C4 /* SlideNavigationContorllerAnimatorScaleAndFade.m */ = {isa = PBXFileReference; fileEncoding = 4; lastKnownFileType = sourcecode.c.objc; path = SlideNavigationContorllerAnimatorScaleAndFade.m; sourceTree = "<group>"; };
		5D8780E61FE2768E00CB96C4 /* SlideNavigationContorllerAnimatorFade.h */ = {isa = PBXFileReference; fileEncoding = 4; lastKnownFileType = sourcecode.c.h; path = SlideNavigationContorllerAnimatorFade.h; sourceTree = "<group>"; };
		5D8780E71FE2768E00CB96C4 /* SlideNavigationContorllerAnimatorScale.h */ = {isa = PBXFileReference; fileEncoding = 4; lastKnownFileType = sourcecode.c.h; path = SlideNavigationContorllerAnimatorScale.h; sourceTree = "<group>"; };
		5D8780E81FE2768E00CB96C4 /* SlideNavigationContorllerAnimatorSlideAndFade.h */ = {isa = PBXFileReference; fileEncoding = 4; lastKnownFileType = sourcecode.c.h; path = SlideNavigationContorllerAnimatorSlideAndFade.h; sourceTree = "<group>"; };
		5D8780E91FE2768E00CB96C4 /* SlideNavigationContorllerAnimatorSlide.h */ = {isa = PBXFileReference; fileEncoding = 4; lastKnownFileType = sourcecode.c.h; path = SlideNavigationContorllerAnimatorSlide.h; sourceTree = "<group>"; };
		5D8780EA1FE2768E00CB96C4 /* SlideNavigationContorllerAnimatorSlideAndFade.m */ = {isa = PBXFileReference; fileEncoding = 4; lastKnownFileType = sourcecode.c.objc; path = SlideNavigationContorllerAnimatorSlideAndFade.m; sourceTree = "<group>"; };
		5D8780EB1FE2768E00CB96C4 /* SlideNavigationContorllerAnimatorScale.m */ = {isa = PBXFileReference; fileEncoding = 4; lastKnownFileType = sourcecode.c.objc; path = SlideNavigationContorllerAnimatorScale.m; sourceTree = "<group>"; };
		5D8780EC1FE2768E00CB96C4 /* SlideNavigationContorllerAnimatorFade.m */ = {isa = PBXFileReference; fileEncoding = 4; lastKnownFileType = sourcecode.c.objc; path = SlideNavigationContorllerAnimatorFade.m; sourceTree = "<group>"; };
		5D8780ED1FE2768E00CB96C4 /* SlideNavigationContorllerAnimatorScaleAndFade.h */ = {isa = PBXFileReference; fileEncoding = 4; lastKnownFileType = sourcecode.c.h; path = SlideNavigationContorllerAnimatorScaleAndFade.h; sourceTree = "<group>"; };
		5D8780EE1FE2768E00CB96C4 /* SlideNavigationContorllerAnimator.h */ = {isa = PBXFileReference; fileEncoding = 4; lastKnownFileType = sourcecode.c.h; path = SlideNavigationContorllerAnimator.h; sourceTree = "<group>"; };
		5D8780FB1FE2E2C900CB96C4 /* PageSliderViewController.h */ = {isa = PBXFileReference; lastKnownFileType = sourcecode.c.h; path = PageSliderViewController.h; sourceTree = "<group>"; };
		5D8780FC1FE2E2C900CB96C4 /* PageSliderViewController.m */ = {isa = PBXFileReference; lastKnownFileType = sourcecode.c.objc; path = PageSliderViewController.m; sourceTree = "<group>"; };
		5D988D141FD81A91002B7C0A /* IntroPageContentViewController.h */ = {isa = PBXFileReference; lastKnownFileType = sourcecode.c.h; path = IntroPageContentViewController.h; sourceTree = "<group>"; };
		5D988D151FD81A91002B7C0A /* IntroPageContentViewController.m */ = {isa = PBXFileReference; lastKnownFileType = sourcecode.c.objc; path = IntroPageContentViewController.m; sourceTree = "<group>"; };
		5D988D1C1FD81FAE002B7C0A /* Messages.plist */ = {isa = PBXFileReference; lastKnownFileType = text.plist.xml; path = Messages.plist; sourceTree = "<group>"; };
		5D988D1F1FD82037002B7C0A /* MessageUtil.h */ = {isa = PBXFileReference; lastKnownFileType = sourcecode.c.h; path = MessageUtil.h; sourceTree = "<group>"; };
		5D988D201FD82037002B7C0A /* MessageUtil.m */ = {isa = PBXFileReference; lastKnownFileType = sourcecode.c.objc; path = MessageUtil.m; sourceTree = "<group>"; };
		5DB2C84E1FE9258900235B73 /* MediaViewController.h */ = {isa = PBXFileReference; lastKnownFileType = sourcecode.c.h; path = MediaViewController.h; sourceTree = "<group>"; };
		5DB2C84F1FE9258900235B73 /* MediaViewController.m */ = {isa = PBXFileReference; lastKnownFileType = sourcecode.c.objc; path = MediaViewController.m; sourceTree = "<group>"; };
		5DD136DB1FD7CE8400D66B13 /* koozeh-ios.app */ = {isa = PBXFileReference; explicitFileType = wrapper.application; includeInIndex = 0; path = "koozeh-ios.app"; sourceTree = BUILT_PRODUCTS_DIR; };
		5DD136DE1FD7CE8400D66B13 /* AppDelegate.h */ = {isa = PBXFileReference; lastKnownFileType = sourcecode.c.h; path = AppDelegate.h; sourceTree = "<group>"; };
		5DD136DF1FD7CE8400D66B13 /* AppDelegate.m */ = {isa = PBXFileReference; lastKnownFileType = sourcecode.c.objc; path = AppDelegate.m; sourceTree = "<group>"; };
		5DD136E51FD7CE8400D66B13 /* Base */ = {isa = PBXFileReference; lastKnownFileType = file.storyboard; name = Base; path = Base.lproj/Main.storyboard; sourceTree = "<group>"; };
		5DD136EA1FD7CE8400D66B13 /* Base */ = {isa = PBXFileReference; lastKnownFileType = file.storyboard; name = Base; path = Base.lproj/LaunchScreen.storyboard; sourceTree = "<group>"; };
		5DD136EC1FD7CE8400D66B13 /* Info.plist */ = {isa = PBXFileReference; lastKnownFileType = text.plist.xml; path = Info.plist; sourceTree = "<group>"; };
		5DD136ED1FD7CE8400D66B13 /* main.m */ = {isa = PBXFileReference; lastKnownFileType = sourcecode.c.objc; path = main.m; sourceTree = "<group>"; };
		5DD136F31FD7CE8400D66B13 /* koozeh-iosTests.xctest */ = {isa = PBXFileReference; explicitFileType = wrapper.cfbundle; includeInIndex = 0; path = "koozeh-iosTests.xctest"; sourceTree = BUILT_PRODUCTS_DIR; };
		5DD136F71FD7CE8400D66B13 /* koozeh_iosTests.m */ = {isa = PBXFileReference; lastKnownFileType = sourcecode.c.objc; path = koozeh_iosTests.m; sourceTree = "<group>"; };
		5DD136F91FD7CE8400D66B13 /* Info.plist */ = {isa = PBXFileReference; lastKnownFileType = text.plist.xml; path = Info.plist; sourceTree = "<group>"; };
		5DD136FE1FD7CE8400D66B13 /* koozeh-iosUITests.xctest */ = {isa = PBXFileReference; explicitFileType = wrapper.cfbundle; includeInIndex = 0; path = "koozeh-iosUITests.xctest"; sourceTree = BUILT_PRODUCTS_DIR; };
		5DD137021FD7CE8400D66B13 /* koozeh_iosUITests.m */ = {isa = PBXFileReference; lastKnownFileType = sourcecode.c.objc; path = koozeh_iosUITests.m; sourceTree = "<group>"; };
		5DD137041FD7CE8400D66B13 /* Info.plist */ = {isa = PBXFileReference; lastKnownFileType = text.plist.xml; path = Info.plist; sourceTree = "<group>"; };
		5DD1371E1FD8136E00D66B13 /* Samim-FD.ttf */ = {isa = PBXFileReference; lastKnownFileType = file; path = "Samim-FD.ttf"; sourceTree = "<group>"; };
		5DD1371F1FD8136F00D66B13 /* Samim-Bold-FD.ttf */ = {isa = PBXFileReference; lastKnownFileType = file; path = "Samim-Bold-FD.ttf"; sourceTree = "<group>"; };
		5DD3A0AC205CE9F40039B05E /* BookmarkManager.h */ = {isa = PBXFileReference; lastKnownFileType = sourcecode.c.h; path = BookmarkManager.h; sourceTree = "<group>"; };
		5DD3A0AD205CE9F40039B05E /* BookmarkManager.m */ = {isa = PBXFileReference; lastKnownFileType = sourcecode.c.objc; path = BookmarkManager.m; sourceTree = "<group>"; };
		5DD3A0AF205CEAF10039B05E /* Bookmark.h */ = {isa = PBXFileReference; lastKnownFileType = sourcecode.c.h; path = Bookmark.h; sourceTree = "<group>"; };
		5DD3A0B0205CEAF10039B05E /* Bookmark.m */ = {isa = PBXFileReference; lastKnownFileType = sourcecode.c.objc; path = Bookmark.m; sourceTree = "<group>"; };
		5DD3A0B2205CEB280039B05E /* BookmarkResponse.h */ = {isa = PBXFileReference; lastKnownFileType = sourcecode.c.h; path = BookmarkResponse.h; sourceTree = "<group>"; };
		5DD3A0B3205CEB280039B05E /* BookmarkResponse.m */ = {isa = PBXFileReference; lastKnownFileType = sourcecode.c.objc; path = BookmarkResponse.m; sourceTree = "<group>"; };
		5DD3A0B5205CF3790039B05E /* BookmarkRestService.h */ = {isa = PBXFileReference; lastKnownFileType = sourcecode.c.h; path = BookmarkRestService.h; sourceTree = "<group>"; };
		5DD3A0B6205CF3790039B05E /* BookmarkRestService.m */ = {isa = PBXFileReference; lastKnownFileType = sourcecode.c.objc; path = BookmarkRestService.m; sourceTree = "<group>"; };
		5DD3A0BF206923070039B05E /* PageThumbnailsViewController.h */ = {isa = PBXFileReference; lastKnownFileType = sourcecode.c.h; path = PageThumbnailsViewController.h; sourceTree = "<group>"; };
		5DD3A0C0206923070039B05E /* PageThumbnailsViewController.m */ = {isa = PBXFileReference; lastKnownFileType = sourcecode.c.objc; path = PageThumbnailsViewController.m; sourceTree = "<group>"; };
		5DD3A0C2206A1A5A0039B05E /* PageThumbnailCell.h */ = {isa = PBXFileReference; lastKnownFileType = sourcecode.c.h; path = PageThumbnailCell.h; sourceTree = "<group>"; };
		5DD3A0C3206A1A5A0039B05E /* PageThumbnailCell.m */ = {isa = PBXFileReference; lastKnownFileType = sourcecode.c.objc; path = PageThumbnailCell.m; sourceTree = "<group>"; };
		5DD3A0C6206A3EF50039B05E /* IssueViewController.h */ = {isa = PBXFileReference; lastKnownFileType = sourcecode.c.h; path = IssueViewController.h; sourceTree = "<group>"; };
		5DD3A0C7206A3EF50039B05E /* IssueViewController.m */ = {isa = PBXFileReference; lastKnownFileType = sourcecode.c.objc; path = IssueViewController.m; sourceTree = "<group>"; };
		5DDDAEFF2046E2DB00D36045 /* LoginViewController.h */ = {isa = PBXFileReference; lastKnownFileType = sourcecode.c.h; path = LoginViewController.h; sourceTree = "<group>"; };
		5DDDAF002046E2DB00D36045 /* LoginViewController.m */ = {isa = PBXFileReference; lastKnownFileType = sourcecode.c.objc; path = LoginViewController.m; sourceTree = "<group>"; };
		5DDDAF022047D3BA00D36045 /* AIranianSansBold.ttf */ = {isa = PBXFileReference; lastKnownFileType = file; path = AIranianSansBold.ttf; sourceTree = "<group>"; };
		5DDDAF032047D3BA00D36045 /* Shabnam-FD.ttf */ = {isa = PBXFileReference; lastKnownFileType = file; path = "Shabnam-FD.ttf"; sourceTree = "<group>"; };
		5DDDAF062049167700D36045 /* SignInResponse.h */ = {isa = PBXFileReference; lastKnownFileType = sourcecode.c.h; path = SignInResponse.h; sourceTree = "<group>"; };
		5DDDAF072049167700D36045 /* SignInResponse.m */ = {isa = PBXFileReference; lastKnownFileType = sourcecode.c.objc; path = SignInResponse.m; sourceTree = "<group>"; };
		5DDDAF092049337700D36045 /* UserRestService.h */ = {isa = PBXFileReference; lastKnownFileType = sourcecode.c.h; path = UserRestService.h; sourceTree = "<group>"; };
		5DDDAF0A2049337700D36045 /* UserRestService.m */ = {isa = PBXFileReference; lastKnownFileType = sourcecode.c.objc; path = UserRestService.m; sourceTree = "<group>"; };
		5DDDAF0C20499E7400D36045 /* UserManager.h */ = {isa = PBXFileReference; lastKnownFileType = sourcecode.c.h; path = UserManager.h; sourceTree = "<group>"; };
		5DDDAF0D20499E7400D36045 /* UserManager.m */ = {isa = PBXFileReference; lastKnownFileType = sourcecode.c.objc; path = UserManager.m; sourceTree = "<group>"; };
		5DDDAF0F2049A02100D36045 /* SystemUtil.h */ = {isa = PBXFileReference; lastKnownFileType = sourcecode.c.h; path = SystemUtil.h; sourceTree = "<group>"; };
		5DDDAF102049A02100D36045 /* SystemUtil.m */ = {isa = PBXFileReference; lastKnownFileType = sourcecode.c.objc; path = SystemUtil.m; sourceTree = "<group>"; };
		5DDDAF122049B13000D36045 /* UIViewUtil.h */ = {isa = PBXFileReference; lastKnownFileType = sourcecode.c.h; path = UIViewUtil.h; sourceTree = "<group>"; };
		5DDDAF132049B13000D36045 /* UIViewUtil.m */ = {isa = PBXFileReference; lastKnownFileType = sourcecode.c.objc; path = UIViewUtil.m; sourceTree = "<group>"; };
		5DDDAF15204A7D2600D36045 /* PingRestService.h */ = {isa = PBXFileReference; lastKnownFileType = sourcecode.c.h; path = PingRestService.h; sourceTree = "<group>"; };
		5DDDAF16204A7D2600D36045 /* PingRestService.m */ = {isa = PBXFileReference; lastKnownFileType = sourcecode.c.objc; path = PingRestService.m; sourceTree = "<group>"; };
		5DDDAF1B204A839F00D36045 /* PingManager.h */ = {isa = PBXFileReference; lastKnownFileType = sourcecode.c.h; path = PingManager.h; sourceTree = "<group>"; };
		5DDDAF1C204A839F00D36045 /* PingManager.m */ = {isa = PBXFileReference; lastKnownFileType = sourcecode.c.objc; path = PingManager.m; sourceTree = "<group>"; };
		5DDDAF1E204A87EA00D36045 /* CustomMessageBarViewController.h */ = {isa = PBXFileReference; lastKnownFileType = sourcecode.c.h; path = CustomMessageBarViewController.h; sourceTree = "<group>"; };
		5DDDAF1F204A87EA00D36045 /* CustomMessageBarViewController.m */ = {isa = PBXFileReference; lastKnownFileType = sourcecode.c.objc; path = CustomMessageBarViewController.m; sourceTree = "<group>"; };
		5DDDAF21204AC9F700D36045 /* VerifyDeviceResponse.h */ = {isa = PBXFileReference; lastKnownFileType = sourcecode.c.h; path = VerifyDeviceResponse.h; sourceTree = "<group>"; };
		5DDDAF22204AC9F700D36045 /* VerifyDeviceResponse.m */ = {isa = PBXFileReference; lastKnownFileType = sourcecode.c.objc; path = VerifyDeviceResponse.m; sourceTree = "<group>"; };
		5DDDAF26204BF4C300D36045 /* SignInRequest.h */ = {isa = PBXFileReference; lastKnownFileType = sourcecode.c.h; path = SignInRequest.h; sourceTree = "<group>"; };
		5DDDAF27204BF4C300D36045 /* SignInRequest.m */ = {isa = PBXFileReference; lastKnownFileType = sourcecode.c.objc; path = SignInRequest.m; sourceTree = "<group>"; };
		5DDDAF29204D176A00D36045 /* PageManager.h */ = {isa = PBXFileReference; lastKnownFileType = sourcecode.c.h; path = PageManager.h; sourceTree = "<group>"; };
		5DDDAF2A204D176A00D36045 /* PageManager.m */ = {isa = PBXFileReference; lastKnownFileType = sourcecode.c.objc; path = PageManager.m; sourceTree = "<group>"; };
		5DDDAF2C204D32BE00D36045 /* Magazine.h */ = {isa = PBXFileReference; lastKnownFileType = sourcecode.c.h; path = Magazine.h; sourceTree = "<group>"; };
		5DDDAF2D204D32BE00D36045 /* Magazine.m */ = {isa = PBXFileReference; lastKnownFileType = sourcecode.c.objc; path = Magazine.m; sourceTree = "<group>"; };
		5DDDAF2F204D34FF00D36045 /* PageRestService.h */ = {isa = PBXFileReference; lastKnownFileType = sourcecode.c.h; path = PageRestService.h; sourceTree = "<group>"; };
		5DDDAF30204D34FF00D36045 /* PageRestService.m */ = {isa = PBXFileReference; lastKnownFileType = sourcecode.c.objc; path = PageRestService.m; sourceTree = "<group>"; };
		5DDDAF32204D561B00D36045 /* MagazineResponse.h */ = {isa = PBXFileReference; lastKnownFileType = sourcecode.c.h; path = MagazineResponse.h; sourceTree = "<group>"; };
		5DDDAF33204D561B00D36045 /* MagazineResponse.m */ = {isa = PBXFileReference; lastKnownFileType = sourcecode.c.objc; path = MagazineResponse.m; sourceTree = "<group>"; };
		5DDDAF35204E7DF900D36045 /* MagazineManager.h */ = {isa = PBXFileReference; lastKnownFileType = sourcecode.c.h; path = MagazineManager.h; sourceTree = "<group>"; };
		5DDDAF36204E7DF900D36045 /* MagazineManager.m */ = {isa = PBXFileReference; lastKnownFileType = sourcecode.c.objc; path = MagazineManager.m; sourceTree = "<group>"; };
		5DDDAF38204E7E1600D36045 /* MagazineRestService.h */ = {isa = PBXFileReference; lastKnownFileType = sourcecode.c.h; path = MagazineRestService.h; sourceTree = "<group>"; };
		5DDDAF39204E7E1600D36045 /* MagazineRestService.m */ = {isa = PBXFileReference; lastKnownFileType = sourcecode.c.objc; path = MagazineRestService.m; sourceTree = "<group>"; };
		5DDDAF3F204FC6C400D36045 /* MagazineCollectionViewController.h */ = {isa = PBXFileReference; lastKnownFileType = sourcecode.c.h; path = MagazineCollectionViewController.h; sourceTree = "<group>"; };
		5DDDAF40204FC6C400D36045 /* MagazineCollectionViewController.m */ = {isa = PBXFileReference; lastKnownFileType = sourcecode.c.objc; path = MagazineCollectionViewController.m; sourceTree = "<group>"; };
		5DDDAF42204FC6EF00D36045 /* MagazineCollectionViewCell.h */ = {isa = PBXFileReference; lastKnownFileType = sourcecode.c.h; path = MagazineCollectionViewCell.h; sourceTree = "<group>"; };
		5DDDAF43204FC6F000D36045 /* MagazineCollectionViewCell.m */ = {isa = PBXFileReference; lastKnownFileType = sourcecode.c.objc; path = MagazineCollectionViewCell.m; sourceTree = "<group>"; };
		5DDDAF48204FCF3500D36045 /* CustomCollectionViewController.h */ = {isa = PBXFileReference; lastKnownFileType = sourcecode.c.h; path = CustomCollectionViewController.h; sourceTree = "<group>"; };
		5DDDAF49204FCF3500D36045 /* CustomCollectionViewController.m */ = {isa = PBXFileReference; lastKnownFileType = sourcecode.c.objc; path = CustomCollectionViewController.m; sourceTree = "<group>"; };
		5DDDAF4B204FF99800D36045 /* Assets.xcassets */ = {isa = PBXFileReference; lastKnownFileType = folder.assetcatalog; path = Assets.xcassets; sourceTree = "<group>"; };
		61E87481CB641677A870198D /* Pods-koozeh-ios.debug.xcconfig */ = {isa = PBXFileReference; includeInIndex = 1; lastKnownFileType = text.xcconfig; name = "Pods-koozeh-ios.debug.xcconfig"; path = "Pods/Target Support Files/Pods-koozeh-ios/Pods-koozeh-ios.debug.xcconfig"; sourceTree = "<group>"; };
		761A072C93034578FD4C4BA1 /* Pods-koozeh-iosTests.debug.xcconfig */ = {isa = PBXFileReference; includeInIndex = 1; lastKnownFileType = text.xcconfig; name = "Pods-koozeh-iosTests.debug.xcconfig"; path = "Pods/Target Support Files/Pods-koozeh-iosTests/Pods-koozeh-iosTests.debug.xcconfig"; sourceTree = "<group>"; };
		8B455E82E0EA7DD943F35050 /* Pods-koozeh-iosUITests.release.xcconfig */ = {isa = PBXFileReference; includeInIndex = 1; lastKnownFileType = text.xcconfig; name = "Pods-koozeh-iosUITests.release.xcconfig"; path = "Pods/Target Support Files/Pods-koozeh-iosUITests/Pods-koozeh-iosUITests.release.xcconfig"; sourceTree = "<group>"; };
		9190B1A79280B0F8E6D9350A /* Pods-koozeh-iosTests.release.xcconfig */ = {isa = PBXFileReference; includeInIndex = 1; lastKnownFileType = text.xcconfig; name = "Pods-koozeh-iosTests.release.xcconfig"; path = "Pods/Target Support Files/Pods-koozeh-iosTests/Pods-koozeh-iosTests.release.xcconfig"; sourceTree = "<group>"; };
		FBC517B9BE23ACAADE9A2242 /* Pods_koozeh_ios.framework */ = {isa = PBXFileReference; explicitFileType = wrapper.framework; includeInIndex = 0; path = Pods_koozeh_ios.framework; sourceTree = BUILT_PRODUCTS_DIR; };
		FF30BC3F6762F78E0BD55FD2 /* Pods_koozeh_iosTests.framework */ = {isa = PBXFileReference; explicitFileType = wrapper.framework; includeInIndex = 0; path = Pods_koozeh_iosTests.framework; sourceTree = BUILT_PRODUCTS_DIR; };
/* End PBXFileReference section */

/* Begin PBXFrameworksBuildPhase section */
		5DD136D81FD7CE8400D66B13 /* Frameworks */ = {
			isa = PBXFrameworksBuildPhase;
			buildActionMask = 2147483647;
			files = (
				19B47C5BDDCD5BA70933E780 /* Pods_koozeh_ios.framework in Frameworks */,
			);
			runOnlyForDeploymentPostprocessing = 0;
		};
		5DD136F01FD7CE8400D66B13 /* Frameworks */ = {
			isa = PBXFrameworksBuildPhase;
			buildActionMask = 2147483647;
			files = (
				56DA34D7109FADE3E9178A18 /* Pods_koozeh_iosTests.framework in Frameworks */,
			);
			runOnlyForDeploymentPostprocessing = 0;
		};
		5DD136FB1FD7CE8400D66B13 /* Frameworks */ = {
			isa = PBXFrameworksBuildPhase;
			buildActionMask = 2147483647;
			files = (
				78696B0BBB1EFEE95B1BA40E /* Pods_koozeh_iosUITests.framework in Frameworks */,
			);
			runOnlyForDeploymentPostprocessing = 0;
		};
/* End PBXFrameworksBuildPhase section */

/* Begin PBXGroup section */
		00B667DBD90E331C80C42947 /* Pods */ = {
			isa = PBXGroup;
			children = (
				61E87481CB641677A870198D /* Pods-koozeh-ios.debug.xcconfig */,
				10009186FFCD4EBB194889A4 /* Pods-koozeh-ios.release.xcconfig */,
				761A072C93034578FD4C4BA1 /* Pods-koozeh-iosTests.debug.xcconfig */,
				9190B1A79280B0F8E6D9350A /* Pods-koozeh-iosTests.release.xcconfig */,
				39852C06F1712EE4D36D3BDD /* Pods-koozeh-iosUITests.debug.xcconfig */,
				8B455E82E0EA7DD943F35050 /* Pods-koozeh-iosUITests.release.xcconfig */,
			);
			name = Pods;
			sourceTree = "<group>";
		};
		165644E4BC16A66C7CF72987 /* Frameworks */ = {
			isa = PBXGroup;
			children = (
				FBC517B9BE23ACAADE9A2242 /* Pods_koozeh_ios.framework */,
				FF30BC3F6762F78E0BD55FD2 /* Pods_koozeh_iosTests.framework */,
				20FAE61653830FB8892FB349 /* Pods_koozeh_iosUITests.framework */,
			);
			name = Frameworks;
			sourceTree = "<group>";
		};
		5D00BD781FDE6FA900EB2A89 /* model */ = {
			isa = PBXGroup;
			children = (
				5D00BD831FDE85D100EB2A89 /* Issue.h */,
				5D00BD841FDE85D100EB2A89 /* Issue.m */,
				5D3CDB4D1FE3E89900D7FB41 /* Page.h */,
				5D3CDB4E1FE3E89900D7FB41 /* Page.m */,
				5D3CDB501FE3E91E00D7FB41 /* Media.h */,
				5D3CDB511FE3E91E00D7FB41 /* Media.m */,
				5DDDAF2C204D32BE00D36045 /* Magazine.h */,
				5DDDAF2D204D32BE00D36045 /* Magazine.m */,
				5DD3A0AF205CEAF10039B05E /* Bookmark.h */,
				5DD3A0B0205CEAF10039B05E /* Bookmark.m */,
				5D09FDD520733C38009DAD61 /* User.h */,
				5D09FDD620733C38009DAD61 /* User.m */,
			);
			path = model;
			sourceTree = "<group>";
		};
		5D00BD821FDE84C500EB2A89 /* dto */ = {
			isa = PBXGroup;
			children = (
				5DDDAF25204BF4A300D36045 /* response */,
				5DDDAF24204BF49A00D36045 /* request */,
			);
			path = dto;
			sourceTree = "<group>";
		};
		5D00BD891FDE95DD00EB2A89 /* service */ = {
			isa = PBXGroup;
			children = (
				5D00BD8A1FDE9F4500EB2A89 /* IssueManager.h */,
				5D00BD8B1FDE9F4500EB2A89 /* IssueManager.m */,
				5DDDAF0C20499E7400D36045 /* UserManager.h */,
				5DDDAF0D20499E7400D36045 /* UserManager.m */,
				5DDDAF1B204A839F00D36045 /* PingManager.h */,
				5DDDAF1C204A839F00D36045 /* PingManager.m */,
				5DDDAF29204D176A00D36045 /* PageManager.h */,
				5DDDAF2A204D176A00D36045 /* PageManager.m */,
				5DDDAF35204E7DF900D36045 /* MagazineManager.h */,
				5DDDAF36204E7DF900D36045 /* MagazineManager.m */,
				5DD3A0AC205CE9F40039B05E /* BookmarkManager.h */,
				5DD3A0AD205CE9F40039B05E /* BookmarkManager.m */,
			);
			path = service;
			sourceTree = "<group>";
		};
		5D00BD8D1FDEB06100EB2A89 /* issues */ = {
			isa = PBXGroup;
			children = (
				5D00BD8E1FDEB0AA00EB2A89 /* IssuesViewController.h */,
				5D00BD8F1FDEB0AA00EB2A89 /* IssuesViewController.m */,
				5D00BD911FDEF33800EB2A89 /* IssueCollectionViewCell.h */,
				5D00BD921FDEF33800EB2A89 /* IssueCollectionViewCell.m */,
			);
			path = issues;
			sourceTree = "<group>";
		};
		5D09FDDB2073D569009DAD61 /* support */ = {
			isa = PBXGroup;
			children = (
				5D09FDDC2073D591009DAD61 /* SupportViewController.h */,
				5D09FDDD2073D591009DAD61 /* SupportViewController.m */,
			);
			path = support;
			sourceTree = "<group>";
		};
		5D1ACCE21FEA9CDC00D88056 /* about */ = {
			isa = PBXGroup;
			children = (
				5D1ACCE31FEAA08300D88056 /* AboutViewController.h */,
				5D1ACCE41FEAA08300D88056 /* AboutViewController.m */,
			);
			path = about;
			sourceTree = "<group>";
		};
		5D30ADA1206D4928000B9061 /* bookmarks */ = {
			isa = PBXGroup;
			children = (
				5D3FC33B206F49460084E45B /* BookmarksViewController.h */,
				5D3FC33C206F49460084E45B /* BookmarksViewController.m */,
				5D3FC34120717CDC0084E45B /* BookmarkTableViewCell.h */,
				5D3FC34220717CDC0084E45B /* BookmarkTableViewCell.m */,
				5D3FC3442071DA240084E45B /* BookmarkCollectionViewCell.h */,
				5D3FC3452071DA240084E45B /* BookmarkCollectionViewCell.m */,
			);
			path = bookmarks;
			sourceTree = "<group>";
		};
		5D3FC34A2072995E0084E45B /* userProfile */ = {
			isa = PBXGroup;
			children = (
				5D3FC34B2072999D0084E45B /* UserProfileViewController.h */,
				5D3FC34C2072999D0084E45B /* UserProfileViewController.m */,
				5D09FDD820735D8A009DAD61 /* EditUserProfileViewController.h */,
				5D09FDD920735D8A009DAD61 /* EditUserProfileViewController.m */,
			);
			path = userProfile;
			sourceTree = "<group>";
		};
		5D6BC13E1FDE661B004A4B46 /* network */ = {
			isa = PBXGroup;
			children = (
				5D00BD821FDE84C500EB2A89 /* dto */,
				5D6BC13F1FDE6645004A4B46 /* SessionManager.h */,
				5D6BC1401FDE6645004A4B46 /* SessionManager.m */,
				5DDDAF38204E7E1600D36045 /* MagazineRestService.h */,
				5DDDAF39204E7E1600D36045 /* MagazineRestService.m */,
				5D00BD861FDE93DE00EB2A89 /* IssueRestService.h */,
				5D00BD871FDE93DE00EB2A89 /* IssueRestService.m */,
				5DDDAF092049337700D36045 /* UserRestService.h */,
				5DDDAF0A2049337700D36045 /* UserRestService.m */,
				5DDDAF15204A7D2600D36045 /* PingRestService.h */,
				5DDDAF16204A7D2600D36045 /* PingRestService.m */,
				5DDDAF2F204D34FF00D36045 /* PageRestService.h */,
				5DDDAF30204D34FF00D36045 /* PageRestService.m */,
				5DD3A0B5205CF3790039B05E /* BookmarkRestService.h */,
				5DD3A0B6205CF3790039B05E /* BookmarkRestService.m */,
			);
			path = network;
			sourceTree = "<group>";
		};
		5D8780D21FE26D8100CB96C4 /* parent */ = {
			isa = PBXGroup;
			children = (
				5D8780D31FE26DAD00CB96C4 /* CustomNavigationBarViewController.h */,
				5D8780D41FE26DAD00CB96C4 /* CustomNavigationBarViewController.m */,
				5DDDAF1E204A87EA00D36045 /* CustomMessageBarViewController.h */,
				5DDDAF1F204A87EA00D36045 /* CustomMessageBarViewController.m */,
				5DDDAF48204FCF3500D36045 /* CustomCollectionViewController.h */,
				5DDDAF49204FCF3500D36045 /* CustomCollectionViewController.m */,
				5D3FC33E206F49B40084E45B /* CustomTableViewController.h */,
				5D3FC33F206F49B40084E45B /* CustomTableViewController.m */,
			);
			path = parent;
			sourceTree = "<group>";
		};
		5D8780D61FE2764200CB96C4 /* sliderMenu */ = {
			isa = PBXGroup;
			children = (
				5D8780E31FE2768E00CB96C4 /* Animations */,
				5D8780DE1FE2768D00CB96C4 /* Assets */,
				5D8780E11FE2768D00CB96C4 /* SlideNavigationController.h */,
				5D8780E21FE2768E00CB96C4 /* SlideNavigationController.m */,
				5D3CDB561FE4390400D7FB41 /* RightMenuViewController.h */,
				5D3CDB571FE4390400D7FB41 /* RightMenuViewController.m */,
				5D3CDB591FE43AAA00D7FB41 /* RightMenuViewCell.h */,
				5D3CDB5A1FE43AAA00D7FB41 /* RightMenuViewCell.m */,
			);
			path = sliderMenu;
			sourceTree = "<group>";
		};
		5D8780DE1FE2768D00CB96C4 /* Assets */ = {
			isa = PBXGroup;
			children = (
				5D8780DF1FE2768D00CB96C4 /* menu-button.png */,
				5D8780E01FE2768D00CB96C4 /* menu-button@2x.png */,
			);
			path = Assets;
			sourceTree = "<group>";
		};
		5D8780E31FE2768E00CB96C4 /* Animations */ = {
			isa = PBXGroup;
			children = (
				5D8780E41FE2768E00CB96C4 /* SlideNavigationContorllerAnimatorSlide.m */,
				5D8780E51FE2768E00CB96C4 /* SlideNavigationContorllerAnimatorScaleAndFade.m */,
				5D8780E61FE2768E00CB96C4 /* SlideNavigationContorllerAnimatorFade.h */,
				5D8780E71FE2768E00CB96C4 /* SlideNavigationContorllerAnimatorScale.h */,
				5D8780E81FE2768E00CB96C4 /* SlideNavigationContorllerAnimatorSlideAndFade.h */,
				5D8780E91FE2768E00CB96C4 /* SlideNavigationContorllerAnimatorSlide.h */,
				5D8780EA1FE2768E00CB96C4 /* SlideNavigationContorllerAnimatorSlideAndFade.m */,
				5D8780EB1FE2768E00CB96C4 /* SlideNavigationContorllerAnimatorScale.m */,
				5D8780EC1FE2768E00CB96C4 /* SlideNavigationContorllerAnimatorFade.m */,
				5D8780ED1FE2768E00CB96C4 /* SlideNavigationContorllerAnimatorScaleAndFade.h */,
				5D8780EE1FE2768E00CB96C4 /* SlideNavigationContorllerAnimator.h */,
			);
			path = Animations;
			sourceTree = "<group>";
		};
		5D8780FA1FE2E28200CB96C4 /* pageSlider */ = {
			isa = PBXGroup;
			children = (
				5D8780FB1FE2E2C900CB96C4 /* PageSliderViewController.h */,
				5D8780FC1FE2E2C900CB96C4 /* PageSliderViewController.m */,
				5D3CDB531FE3FD7700D7FB41 /* PageContentViewController.h */,
				5D3CDB541FE3FD7700D7FB41 /* PageContentViewController.m */,
			);
			path = pageSlider;
			sourceTree = "<group>";
		};
		5D988D131FD81A7B002B7C0A /* intro */ = {
			isa = PBXGroup;
			children = (
				5D988D141FD81A91002B7C0A /* IntroPageContentViewController.h */,
				5D988D151FD81A91002B7C0A /* IntroPageContentViewController.m */,
				5D68084E1FD9C4C900FE7424 /* IntroPageViewController.h */,
				5D68084F1FD9C4C900FE7424 /* IntroPageViewController.m */,
			);
			path = intro;
			sourceTree = "<group>";
		};
		5D988D1E1FD82008002B7C0A /* utillity */ = {
			isa = PBXGroup;
			children = (
				5D988D1F1FD82037002B7C0A /* MessageUtil.h */,
				5D988D201FD82037002B7C0A /* MessageUtil.m */,
				5D350E8E1FE3094D00AC749D /* UIColor+ColorUtil.h */,
				5D350E8F1FE3094D00AC749D /* UIColor+ColorUtil.m */,
				5D3CDB5C1FE44AD400D7FB41 /* UIFont+FontUtil.h */,
				5D3CDB5D1FE44AD400D7FB41 /* UIFont+FontUtil.m */,
				5DDDAF0F2049A02100D36045 /* SystemUtil.h */,
				5DDDAF102049A02100D36045 /* SystemUtil.m */,
				5DDDAF122049B13000D36045 /* UIViewUtil.h */,
				5DDDAF132049B13000D36045 /* UIViewUtil.m */,
			);
			path = utillity;
			sourceTree = "<group>";
		};
		5DB2C84D1FE924BE00235B73 /* media */ = {
			isa = PBXGroup;
			children = (
				5DB2C84E1FE9258900235B73 /* MediaViewController.h */,
				5DB2C84F1FE9258900235B73 /* MediaViewController.m */,
				5D3FC347207282D80084E45B /* MediaPlayerViewController.h */,
				5D3FC348207282D80084E45B /* MediaPlayerViewController.m */,
			);
			path = media;
			sourceTree = "<group>";
		};
		5DD136D21FD7CE8400D66B13 = {
			isa = PBXGroup;
			children = (
				5DD136DD1FD7CE8400D66B13 /* koozeh-ios */,
				5DD136F61FD7CE8400D66B13 /* koozeh-iosTests */,
				5DD137011FD7CE8400D66B13 /* koozeh-iosUITests */,
				5DD136DC1FD7CE8400D66B13 /* Products */,
				00B667DBD90E331C80C42947 /* Pods */,
				165644E4BC16A66C7CF72987 /* Frameworks */,
			);
			sourceTree = "<group>";
		};
		5DD136DC1FD7CE8400D66B13 /* Products */ = {
			isa = PBXGroup;
			children = (
				5DD136DB1FD7CE8400D66B13 /* koozeh-ios.app */,
				5DD136F31FD7CE8400D66B13 /* koozeh-iosTests.xctest */,
				5DD136FE1FD7CE8400D66B13 /* koozeh-iosUITests.xctest */,
			);
			name = Products;
			sourceTree = "<group>";
		};
		5DD136DD1FD7CE8400D66B13 /* koozeh-ios */ = {
			isa = PBXGroup;
			children = (
				5D00BD891FDE95DD00EB2A89 /* service */,
				5D00BD781FDE6FA900EB2A89 /* model */,
				5D6BC13E1FDE661B004A4B46 /* network */,
				5D988D1E1FD82008002B7C0A /* utillity */,
				5DD1371D1FD8134300D66B13 /* resources */,
				5DD137151FD7EFF100D66B13 /* viewController */,
				5DD136DE1FD7CE8400D66B13 /* AppDelegate.h */,
				5DD136DF1FD7CE8400D66B13 /* AppDelegate.m */,
				5DD137141FD7EF1100D66B13 /* storyboard */,
				5DD136EC1FD7CE8400D66B13 /* Info.plist */,
				5DD136ED1FD7CE8400D66B13 /* main.m */,
			);
			path = "koozeh-ios";
			sourceTree = "<group>";
		};
		5DD136F61FD7CE8400D66B13 /* koozeh-iosTests */ = {
			isa = PBXGroup;
			children = (
				5DD136F71FD7CE8400D66B13 /* koozeh_iosTests.m */,
				5DD136F91FD7CE8400D66B13 /* Info.plist */,
			);
			path = "koozeh-iosTests";
			sourceTree = "<group>";
		};
		5DD137011FD7CE8400D66B13 /* koozeh-iosUITests */ = {
			isa = PBXGroup;
			children = (
				5DD137021FD7CE8400D66B13 /* koozeh_iosUITests.m */,
				5DD137041FD7CE8400D66B13 /* Info.plist */,
			);
			path = "koozeh-iosUITests";
			sourceTree = "<group>";
		};
		5DD137141FD7EF1100D66B13 /* storyboard */ = {
			isa = PBXGroup;
			children = (
				5DD136E41FD7CE8400D66B13 /* Main.storyboard */,
				5DD136E91FD7CE8400D66B13 /* LaunchScreen.storyboard */,
			);
			path = storyboard;
			sourceTree = "<group>";
		};
		5DD137151FD7EFF100D66B13 /* viewController */ = {
			isa = PBXGroup;
			children = (
				5D09FDDB2073D569009DAD61 /* support */,
				5D3FC34A2072995E0084E45B /* userProfile */,
				5D30ADA1206D4928000B9061 /* bookmarks */,
				5DD3A0C5206A3EE10039B05E /* issue */,
				5DD3A0B8205E7EA70039B05E /* pageThumbnails */,
				5DDDAF3B204FBB5900D36045 /* magazines */,
				5DDDAEFE2046E2C400D36045 /* login */,
				5D1ACCE21FEA9CDC00D88056 /* about */,
				5DB2C84D1FE924BE00235B73 /* media */,
				5D8780FA1FE2E28200CB96C4 /* pageSlider */,
				5D8780D61FE2764200CB96C4 /* sliderMenu */,
				5D8780D21FE26D8100CB96C4 /* parent */,
				5D00BD8D1FDEB06100EB2A89 /* issues */,
				5D988D131FD81A7B002B7C0A /* intro */,
				5D6808511FD9C67600FE7424 /* RootViewController.h */,
				5D6808521FD9C67600FE7424 /* RootViewController.m */,
			);
			path = viewController;
			sourceTree = "<group>";
		};
		5DD1371D1FD8134300D66B13 /* resources */ = {
			isa = PBXGroup;
			children = (
				5DD1371F1FD8136F00D66B13 /* Samim-Bold-FD.ttf */,
				5DDDAF022047D3BA00D36045 /* AIranianSansBold.ttf */,
				5DDDAF032047D3BA00D36045 /* Shabnam-FD.ttf */,
				5DD1371E1FD8136E00D66B13 /* Samim-FD.ttf */,
				5D988D1C1FD81FAE002B7C0A /* Messages.plist */,
				5DDDAF4B204FF99800D36045 /* Assets.xcassets */,
			);
			path = resources;
			sourceTree = "<group>";
		};
		5DD3A0B8205E7EA70039B05E /* pageThumbnails */ = {
			isa = PBXGroup;
			children = (
				5DD3A0BF206923070039B05E /* PageThumbnailsViewController.h */,
				5DD3A0C0206923070039B05E /* PageThumbnailsViewController.m */,
				5DD3A0C2206A1A5A0039B05E /* PageThumbnailCell.h */,
				5DD3A0C3206A1A5A0039B05E /* PageThumbnailCell.m */,
			);
			path = pageThumbnails;
			sourceTree = "<group>";
		};
		5DD3A0C5206A3EE10039B05E /* issue */ = {
			isa = PBXGroup;
			children = (
				5DD3A0C6206A3EF50039B05E /* IssueViewController.h */,
				5DD3A0C7206A3EF50039B05E /* IssueViewController.m */,
			);
			path = issue;
			sourceTree = "<group>";
		};
		5DDDAEFE2046E2C400D36045 /* login */ = {
			isa = PBXGroup;
			children = (
				5DDDAEFF2046E2DB00D36045 /* LoginViewController.h */,
				5DDDAF002046E2DB00D36045 /* LoginViewController.m */,
			);
			path = login;
			sourceTree = "<group>";
		};
		5DDDAF24204BF49A00D36045 /* request */ = {
			isa = PBXGroup;
			children = (
				5DDDAF26204BF4C300D36045 /* SignInRequest.h */,
				5DDDAF27204BF4C300D36045 /* SignInRequest.m */,
			);
			path = request;
			sourceTree = "<group>";
		};
		5DDDAF25204BF4A300D36045 /* response */ = {
			isa = PBXGroup;
			children = (
				5D00BD791FDE6FC800EB2A89 /* IssueResponse.h */,
				5D00BD7A1FDE6FC800EB2A89 /* IssueResponse.m */,
				5D3CDB471FE3B5E100D7FB41 /* PageResponse.h */,
				5D3CDB481FE3B5E100D7FB41 /* PageResponse.m */,
				5D3CDB4A1FE3B7ED00D7FB41 /* MediaResponse.h */,
				5D3CDB4B1FE3B7ED00D7FB41 /* MediaResponse.m */,
				5DDDAF062049167700D36045 /* SignInResponse.h */,
				5DDDAF072049167700D36045 /* SignInResponse.m */,
				5DDDAF21204AC9F700D36045 /* VerifyDeviceResponse.h */,
				5DDDAF22204AC9F700D36045 /* VerifyDeviceResponse.m */,
				5DDDAF32204D561B00D36045 /* MagazineResponse.h */,
				5DDDAF33204D561B00D36045 /* MagazineResponse.m */,
				5DD3A0B2205CEB280039B05E /* BookmarkResponse.h */,
				5DD3A0B3205CEB280039B05E /* BookmarkResponse.m */,
				5D3FC34E2072A16A0084E45B /* UserResponse.h */,
				5D3FC34F2072A16A0084E45B /* UserResponse.m */,
			);
			path = response;
			sourceTree = "<group>";
		};
		5DDDAF3B204FBB5900D36045 /* magazines */ = {
			isa = PBXGroup;
			children = (
				5DDDAF3F204FC6C400D36045 /* MagazineCollectionViewController.h */,
				5DDDAF40204FC6C400D36045 /* MagazineCollectionViewController.m */,
				5DDDAF42204FC6EF00D36045 /* MagazineCollectionViewCell.h */,
				5DDDAF43204FC6F000D36045 /* MagazineCollectionViewCell.m */,
			);
			path = magazines;
			sourceTree = "<group>";
		};
/* End PBXGroup section */

/* Begin PBXNativeTarget section */
		5DD136DA1FD7CE8400D66B13 /* koozeh-ios */ = {
			isa = PBXNativeTarget;
			buildConfigurationList = 5DD137071FD7CE8400D66B13 /* Build configuration list for PBXNativeTarget "koozeh-ios" */;
			buildPhases = (
				6BE5D20002C245BB8BA456A6 /* [CP] Check Pods Manifest.lock */,
				5DD136D71FD7CE8400D66B13 /* Sources */,
				5DD136D81FD7CE8400D66B13 /* Frameworks */,
				5DD136D91FD7CE8400D66B13 /* Resources */,
				0F9169B39CC3FCC321603EFE /* [CP] Embed Pods Frameworks */,
			);
			buildRules = (
			);
			dependencies = (
			);
			name = "koozeh-ios";
			productName = "koozeh-ios";
			productReference = 5DD136DB1FD7CE8400D66B13 /* koozeh-ios.app */;
			productType = "com.apple.product-type.application";
		};
		5DD136F21FD7CE8400D66B13 /* koozeh-iosTests */ = {
			isa = PBXNativeTarget;
			buildConfigurationList = 5DD1370A1FD7CE8400D66B13 /* Build configuration list for PBXNativeTarget "koozeh-iosTests" */;
			buildPhases = (
				464A9F1D01059D3A774BD0FA /* [CP] Check Pods Manifest.lock */,
				5DD136EF1FD7CE8400D66B13 /* Sources */,
				5DD136F01FD7CE8400D66B13 /* Frameworks */,
				5DD136F11FD7CE8400D66B13 /* Resources */,
			);
			buildRules = (
			);
			dependencies = (
				5DD136F51FD7CE8400D66B13 /* PBXTargetDependency */,
			);
			name = "koozeh-iosTests";
			productName = "koozeh-iosTests";
			productReference = 5DD136F31FD7CE8400D66B13 /* koozeh-iosTests.xctest */;
			productType = "com.apple.product-type.bundle.unit-test";
		};
		5DD136FD1FD7CE8400D66B13 /* koozeh-iosUITests */ = {
			isa = PBXNativeTarget;
			buildConfigurationList = 5DD1370D1FD7CE8400D66B13 /* Build configuration list for PBXNativeTarget "koozeh-iosUITests" */;
			buildPhases = (
				42877E1B2B9F12F033C0DDA5 /* [CP] Check Pods Manifest.lock */,
				5DD136FA1FD7CE8400D66B13 /* Sources */,
				5DD136FB1FD7CE8400D66B13 /* Frameworks */,
				5DD136FC1FD7CE8400D66B13 /* Resources */,
			);
			buildRules = (
			);
			dependencies = (
				5DD137001FD7CE8400D66B13 /* PBXTargetDependency */,
			);
			name = "koozeh-iosUITests";
			productName = "koozeh-iosUITests";
			productReference = 5DD136FE1FD7CE8400D66B13 /* koozeh-iosUITests.xctest */;
			productType = "com.apple.product-type.bundle.ui-testing";
		};
/* End PBXNativeTarget section */

/* Begin PBXProject section */
		5DD136D31FD7CE8400D66B13 /* Project object */ = {
			isa = PBXProject;
			attributes = {
				LastUpgradeCheck = 0910;
				ORGANIZATIONNAME = Anar;
				TargetAttributes = {
					5DD136DA1FD7CE8400D66B13 = {
						CreatedOnToolsVersion = 9.1;
						ProvisioningStyle = Automatic;
					};
					5DD136F21FD7CE8400D66B13 = {
						CreatedOnToolsVersion = 9.1;
						ProvisioningStyle = Automatic;
						TestTargetID = 5DD136DA1FD7CE8400D66B13;
					};
					5DD136FD1FD7CE8400D66B13 = {
						CreatedOnToolsVersion = 9.1;
						ProvisioningStyle = Automatic;
						TestTargetID = 5DD136DA1FD7CE8400D66B13;
					};
				};
			};
			buildConfigurationList = 5DD136D61FD7CE8400D66B13 /* Build configuration list for PBXProject "koozeh-ios" */;
			compatibilityVersion = "Xcode 8.0";
			developmentRegion = en;
			hasScannedForEncodings = 0;
			knownRegions = (
				en,
				Base,
			);
			mainGroup = 5DD136D21FD7CE8400D66B13;
			productRefGroup = 5DD136DC1FD7CE8400D66B13 /* Products */;
			projectDirPath = "";
			projectRoot = "";
			targets = (
				5DD136DA1FD7CE8400D66B13 /* koozeh-ios */,
				5DD136F21FD7CE8400D66B13 /* koozeh-iosTests */,
				5DD136FD1FD7CE8400D66B13 /* koozeh-iosUITests */,
			);
		};
/* End PBXProject section */

/* Begin PBXResourcesBuildPhase section */
		5DD136D91FD7CE8400D66B13 /* Resources */ = {
			isa = PBXResourcesBuildPhase;
			buildActionMask = 2147483647;
			files = (
				5D988D1D1FD81FAE002B7C0A /* Messages.plist in Resources */,
				5DDDAF052047D3BA00D36045 /* Shabnam-FD.ttf in Resources */,
				5DD136EB1FD7CE8400D66B13 /* LaunchScreen.storyboard in Resources */,
				5DDDAF042047D3BA00D36045 /* AIranianSansBold.ttf in Resources */,
				5DDDAF4C204FF9A100D36045 /* Assets.xcassets in Resources */,
				5DD137201FD8136F00D66B13 /* Samim-FD.ttf in Resources */,
				5DD137211FD8136F00D66B13 /* Samim-Bold-FD.ttf in Resources */,
				5D8780F01FE2768E00CB96C4 /* menu-button@2x.png in Resources */,
				5D8780EF1FE2768E00CB96C4 /* menu-button.png in Resources */,
				5DD136E61FD7CE8400D66B13 /* Main.storyboard in Resources */,
			);
			runOnlyForDeploymentPostprocessing = 0;
		};
		5DD136F11FD7CE8400D66B13 /* Resources */ = {
			isa = PBXResourcesBuildPhase;
			buildActionMask = 2147483647;
			files = (
			);
			runOnlyForDeploymentPostprocessing = 0;
		};
		5DD136FC1FD7CE8400D66B13 /* Resources */ = {
			isa = PBXResourcesBuildPhase;
			buildActionMask = 2147483647;
			files = (
			);
			runOnlyForDeploymentPostprocessing = 0;
		};
/* End PBXResourcesBuildPhase section */

/* Begin PBXShellScriptBuildPhase section */
		0F9169B39CC3FCC321603EFE /* [CP] Embed Pods Frameworks */ = {
			isa = PBXShellScriptBuildPhase;
			buildActionMask = 2147483647;
			files = (
			);
			inputPaths = (
				"${SRCROOT}/Pods/Target Support Files/Pods-koozeh-ios/Pods-koozeh-ios-frameworks.sh",
				"${BUILT_PRODUCTS_DIR}/AFNetworking/AFNetworking.framework",
				"${BUILT_PRODUCTS_DIR}/LGPlusButtonsView/LGPlusButtonsView.framework",
				"${BUILT_PRODUCTS_DIR}/Mantle/Mantle.framework",
				"${BUILT_PRODUCTS_DIR}/MaterialShowcase/MaterialShowcase.framework",
				"${BUILT_PRODUCTS_DIR}/Realm/Realm.framework",
				"${BUILT_PRODUCTS_DIR}/SDWebImage/SDWebImage.framework",
			);
			name = "[CP] Embed Pods Frameworks";
			outputPaths = (
				"${TARGET_BUILD_DIR}/${FRAMEWORKS_FOLDER_PATH}/AFNetworking.framework",
				"${TARGET_BUILD_DIR}/${FRAMEWORKS_FOLDER_PATH}/LGPlusButtonsView.framework",
				"${TARGET_BUILD_DIR}/${FRAMEWORKS_FOLDER_PATH}/Mantle.framework",
				"${TARGET_BUILD_DIR}/${FRAMEWORKS_FOLDER_PATH}/MaterialShowcase.framework",
				"${TARGET_BUILD_DIR}/${FRAMEWORKS_FOLDER_PATH}/Realm.framework",
				"${TARGET_BUILD_DIR}/${FRAMEWORKS_FOLDER_PATH}/SDWebImage.framework",
			);
			runOnlyForDeploymentPostprocessing = 0;
			shellPath = /bin/sh;
			shellScript = "\"${SRCROOT}/Pods/Target Support Files/Pods-koozeh-ios/Pods-koozeh-ios-frameworks.sh\"\n";
			showEnvVarsInLog = 0;
		};
		42877E1B2B9F12F033C0DDA5 /* [CP] Check Pods Manifest.lock */ = {
			isa = PBXShellScriptBuildPhase;
			buildActionMask = 2147483647;
			files = (
			);
			inputPaths = (
				"${PODS_PODFILE_DIR_PATH}/Podfile.lock",
				"${PODS_ROOT}/Manifest.lock",
			);
			name = "[CP] Check Pods Manifest.lock";
			outputPaths = (
				"$(DERIVED_FILE_DIR)/Pods-koozeh-iosUITests-checkManifestLockResult.txt",
			);
			runOnlyForDeploymentPostprocessing = 0;
			shellPath = /bin/sh;
			shellScript = "diff \"${PODS_PODFILE_DIR_PATH}/Podfile.lock\" \"${PODS_ROOT}/Manifest.lock\" > /dev/null\nif [ $? != 0 ] ; then\n    # print error to STDERR\n    echo \"error: The sandbox is not in sync with the Podfile.lock. Run 'pod install' or update your CocoaPods installation.\" >&2\n    exit 1\nfi\n# This output is used by Xcode 'outputs' to avoid re-running this script phase.\necho \"SUCCESS\" > \"${SCRIPT_OUTPUT_FILE_0}\"\n";
			showEnvVarsInLog = 0;
		};
		464A9F1D01059D3A774BD0FA /* [CP] Check Pods Manifest.lock */ = {
			isa = PBXShellScriptBuildPhase;
			buildActionMask = 2147483647;
			files = (
			);
			inputPaths = (
				"${PODS_PODFILE_DIR_PATH}/Podfile.lock",
				"${PODS_ROOT}/Manifest.lock",
			);
			name = "[CP] Check Pods Manifest.lock";
			outputPaths = (
				"$(DERIVED_FILE_DIR)/Pods-koozeh-iosTests-checkManifestLockResult.txt",
			);
			runOnlyForDeploymentPostprocessing = 0;
			shellPath = /bin/sh;
			shellScript = "diff \"${PODS_PODFILE_DIR_PATH}/Podfile.lock\" \"${PODS_ROOT}/Manifest.lock\" > /dev/null\nif [ $? != 0 ] ; then\n    # print error to STDERR\n    echo \"error: The sandbox is not in sync with the Podfile.lock. Run 'pod install' or update your CocoaPods installation.\" >&2\n    exit 1\nfi\n# This output is used by Xcode 'outputs' to avoid re-running this script phase.\necho \"SUCCESS\" > \"${SCRIPT_OUTPUT_FILE_0}\"\n";
			showEnvVarsInLog = 0;
		};
		6BE5D20002C245BB8BA456A6 /* [CP] Check Pods Manifest.lock */ = {
			isa = PBXShellScriptBuildPhase;
			buildActionMask = 2147483647;
			files = (
			);
			inputPaths = (
				"${PODS_PODFILE_DIR_PATH}/Podfile.lock",
				"${PODS_ROOT}/Manifest.lock",
			);
			name = "[CP] Check Pods Manifest.lock";
			outputPaths = (
				"$(DERIVED_FILE_DIR)/Pods-koozeh-ios-checkManifestLockResult.txt",
			);
			runOnlyForDeploymentPostprocessing = 0;
			shellPath = /bin/sh;
			shellScript = "diff \"${PODS_PODFILE_DIR_PATH}/Podfile.lock\" \"${PODS_ROOT}/Manifest.lock\" > /dev/null\nif [ $? != 0 ] ; then\n    # print error to STDERR\n    echo \"error: The sandbox is not in sync with the Podfile.lock. Run 'pod install' or update your CocoaPods installation.\" >&2\n    exit 1\nfi\n# This output is used by Xcode 'outputs' to avoid re-running this script phase.\necho \"SUCCESS\" > \"${SCRIPT_OUTPUT_FILE_0}\"\n";
			showEnvVarsInLog = 0;
		};
/* End PBXShellScriptBuildPhase section */

/* Begin PBXSourcesBuildPhase section */
		5DD136D71FD7CE8400D66B13 /* Sources */ = {
			isa = PBXSourcesBuildPhase;
			buildActionMask = 2147483647;
			files = (
				5D3CDB4F1FE3E89900D7FB41 /* Page.m in Sources */,
				5DD3A0AE205CE9F40039B05E /* BookmarkManager.m in Sources */,
				5D3FC349207282D80084E45B /* MediaPlayerViewController.m in Sources */,
				5DDDAF0B2049337700D36045 /* UserRestService.m in Sources */,
				5D3FC34320717CDC0084E45B /* BookmarkTableViewCell.m in Sources */,
				5D350E901FE3094D00AC749D /* UIColor+ColorUtil.m in Sources */,
				5DD136EE1FD7CE8400D66B13 /* main.m in Sources */,
				5DD3A0B4205CEB280039B05E /* BookmarkResponse.m in Sources */,
				5D6808501FD9C4C900FE7424 /* IntroPageViewController.m in Sources */,
				5DDDAF2E204D32BE00D36045 /* Magazine.m in Sources */,
				5D3FC34D2072999D0084E45B /* UserProfileViewController.m in Sources */,
				5D8780F41FE2768E00CB96C4 /* SlideNavigationContorllerAnimatorSlideAndFade.m in Sources */,
				5D3CDB521FE3E91E00D7FB41 /* Media.m in Sources */,
				5D3CDB491FE3B5E100D7FB41 /* PageResponse.m in Sources */,
				5D3CDB4C1FE3B7ED00D7FB41 /* MediaResponse.m in Sources */,
				5D3CDB551FE3FD7700D7FB41 /* PageContentViewController.m in Sources */,
				5DDDAF0E20499E7400D36045 /* UserManager.m in Sources */,
				5D8780FD1FE2E2C900CB96C4 /* PageSliderViewController.m in Sources */,
				5D1ACCE51FEAA08300D88056 /* AboutViewController.m in Sources */,
				5D09FDDE2073D591009DAD61 /* SupportViewController.m in Sources */,
				5D6808531FD9C67600FE7424 /* RootViewController.m in Sources */,
				5DDDAF28204BF4C300D36045 /* SignInRequest.m in Sources */,
				5D00BD881FDE93DE00EB2A89 /* IssueRestService.m in Sources */,
				5D09FDD720733C38009DAD61 /* User.m in Sources */,
				5D8780F21FE2768E00CB96C4 /* SlideNavigationContorllerAnimatorSlide.m in Sources */,
				5D3FC3502072A16A0084E45B /* UserResponse.m in Sources */,
				5DDDAF20204A87EA00D36045 /* CustomMessageBarViewController.m in Sources */,
				5DDDAF44204FC6F000D36045 /* MagazineCollectionViewCell.m in Sources */,
				5DD3A0B1205CEAF10039B05E /* Bookmark.m in Sources */,
				5D00BD901FDEB0AA00EB2A89 /* IssuesViewController.m in Sources */,
				5DDDAF41204FC6C400D36045 /* MagazineCollectionViewController.m in Sources */,
				5D3CDB581FE4390400D7FB41 /* RightMenuViewController.m in Sources */,
				5DDDAF2B204D176A00D36045 /* PageManager.m in Sources */,
				5DDDAF142049B13000D36045 /* UIViewUtil.m in Sources */,
				5DDDAF112049A02100D36045 /* SystemUtil.m in Sources */,
				5DDDAF4A204FCF3500D36045 /* CustomCollectionViewController.m in Sources */,
				5D00BD851FDE85D100EB2A89 /* Issue.m in Sources */,
				5D00BD7B1FDE6FC800EB2A89 /* IssueResponse.m in Sources */,
				5D3CDB5E1FE44AD400D7FB41 /* UIFont+FontUtil.m in Sources */,
				5DD3A0C4206A1A5B0039B05E /* PageThumbnailCell.m in Sources */,
				5DD136E01FD7CE8400D66B13 /* AppDelegate.m in Sources */,
				5DDDAF31204D34FF00D36045 /* PageRestService.m in Sources */,
				5DDDAF34204D561B00D36045 /* MagazineResponse.m in Sources */,
				5DDDAF012046E2DB00D36045 /* LoginViewController.m in Sources */,
				5DB2C8501FE9258900235B73 /* MediaViewController.m in Sources */,
				5DDDAF082049167700D36045 /* SignInResponse.m in Sources */,
				5D00BD931FDEF33800EB2A89 /* IssueCollectionViewCell.m in Sources */,
				5D8780F31FE2768E00CB96C4 /* SlideNavigationContorllerAnimatorScaleAndFade.m in Sources */,
				5DDDAF37204E7DF900D36045 /* MagazineManager.m in Sources */,
				5DDDAF1D204A839F00D36045 /* PingManager.m in Sources */,
				5D3FC33D206F49460084E45B /* BookmarksViewController.m in Sources */,
				5DDDAF17204A7D2600D36045 /* PingRestService.m in Sources */,
				5D3CDB5B1FE43AAA00D7FB41 /* RightMenuViewCell.m in Sources */,
				5DD3A0C1206923070039B05E /* PageThumbnailsViewController.m in Sources */,
				5DD3A0B7205CF3790039B05E /* BookmarkRestService.m in Sources */,
				5D8780F11FE2768E00CB96C4 /* SlideNavigationController.m in Sources */,
				5DD3A0C8206A3EF60039B05E /* IssueViewController.m in Sources */,
				5D988D161FD81A91002B7C0A /* IntroPageContentViewController.m in Sources */,
				5DDDAF3A204E7E1600D36045 /* MagazineRestService.m in Sources */,
				5D3FC3462071DA240084E45B /* BookmarkCollectionViewCell.m in Sources */,
				5DDDAF23204AC9F700D36045 /* VerifyDeviceResponse.m in Sources */,
				5D8780F61FE2768E00CB96C4 /* SlideNavigationContorllerAnimatorFade.m in Sources */,
				5D8780F51FE2768E00CB96C4 /* SlideNavigationContorllerAnimatorScale.m in Sources */,
				5D00BD8C1FDE9F4500EB2A89 /* IssueManager.m in Sources */,
				5D8780D51FE26DAD00CB96C4 /* CustomNavigationBarViewController.m in Sources */,
				5D3FC340206F49B40084E45B /* CustomTableViewController.m in Sources */,
				5D6BC1411FDE6645004A4B46 /* SessionManager.m in Sources */,
				5D988D211FD82037002B7C0A /* MessageUtil.m in Sources */,
				5D09FDDA20735D8A009DAD61 /* EditUserProfileViewController.m in Sources */,
			);
			runOnlyForDeploymentPostprocessing = 0;
		};
		5DD136EF1FD7CE8400D66B13 /* Sources */ = {
			isa = PBXSourcesBuildPhase;
			buildActionMask = 2147483647;
			files = (
				5DD136F81FD7CE8400D66B13 /* koozeh_iosTests.m in Sources */,
			);
			runOnlyForDeploymentPostprocessing = 0;
		};
		5DD136FA1FD7CE8400D66B13 /* Sources */ = {
			isa = PBXSourcesBuildPhase;
			buildActionMask = 2147483647;
			files = (
				5DD137031FD7CE8400D66B13 /* koozeh_iosUITests.m in Sources */,
			);
			runOnlyForDeploymentPostprocessing = 0;
		};
/* End PBXSourcesBuildPhase section */

/* Begin PBXTargetDependency section */
		5DD136F51FD7CE8400D66B13 /* PBXTargetDependency */ = {
			isa = PBXTargetDependency;
			target = 5DD136DA1FD7CE8400D66B13 /* koozeh-ios */;
			targetProxy = 5DD136F41FD7CE8400D66B13 /* PBXContainerItemProxy */;
		};
		5DD137001FD7CE8400D66B13 /* PBXTargetDependency */ = {
			isa = PBXTargetDependency;
			target = 5DD136DA1FD7CE8400D66B13 /* koozeh-ios */;
			targetProxy = 5DD136FF1FD7CE8400D66B13 /* PBXContainerItemProxy */;
		};
/* End PBXTargetDependency section */

/* Begin PBXVariantGroup section */
		5DD136E41FD7CE8400D66B13 /* Main.storyboard */ = {
			isa = PBXVariantGroup;
			children = (
				5DD136E51FD7CE8400D66B13 /* Base */,
			);
			name = Main.storyboard;
			sourceTree = "<group>";
		};
		5DD136E91FD7CE8400D66B13 /* LaunchScreen.storyboard */ = {
			isa = PBXVariantGroup;
			children = (
				5DD136EA1FD7CE8400D66B13 /* Base */,
			);
			name = LaunchScreen.storyboard;
			sourceTree = "<group>";
		};
/* End PBXVariantGroup section */

/* Begin XCBuildConfiguration section */
		5DD137051FD7CE8400D66B13 /* Debug */ = {
			isa = XCBuildConfiguration;
			buildSettings = {
				ALWAYS_SEARCH_USER_PATHS = NO;
				CLANG_ANALYZER_NONNULL = YES;
				CLANG_ANALYZER_NUMBER_OBJECT_CONVERSION = YES_AGGRESSIVE;
				CLANG_CXX_LANGUAGE_STANDARD = "gnu++14";
				CLANG_CXX_LIBRARY = "libc++";
				CLANG_ENABLE_MODULES = YES;
				CLANG_ENABLE_OBJC_ARC = YES;
				CLANG_WARN_BLOCK_CAPTURE_AUTORELEASING = YES;
				CLANG_WARN_BOOL_CONVERSION = YES;
				CLANG_WARN_COMMA = YES;
				CLANG_WARN_CONSTANT_CONVERSION = YES;
				CLANG_WARN_DIRECT_OBJC_ISA_USAGE = YES_ERROR;
				CLANG_WARN_DOCUMENTATION_COMMENTS = YES;
				CLANG_WARN_EMPTY_BODY = YES;
				CLANG_WARN_ENUM_CONVERSION = YES;
				CLANG_WARN_INFINITE_RECURSION = YES;
				CLANG_WARN_INT_CONVERSION = YES;
				CLANG_WARN_NON_LITERAL_NULL_CONVERSION = YES;
				CLANG_WARN_OBJC_LITERAL_CONVERSION = YES;
				CLANG_WARN_OBJC_ROOT_CLASS = YES_ERROR;
				CLANG_WARN_RANGE_LOOP_ANALYSIS = YES;
				CLANG_WARN_STRICT_PROTOTYPES = YES;
				CLANG_WARN_SUSPICIOUS_MOVE = YES;
				CLANG_WARN_UNGUARDED_AVAILABILITY = YES_AGGRESSIVE;
				CLANG_WARN_UNREACHABLE_CODE = YES;
				CLANG_WARN__DUPLICATE_METHOD_MATCH = YES;
				CODE_SIGN_IDENTITY = "iPhone Developer";
				COPY_PHASE_STRIP = NO;
				DEBUG_INFORMATION_FORMAT = dwarf;
				ENABLE_STRICT_OBJC_MSGSEND = YES;
				ENABLE_TESTABILITY = YES;
				GCC_C_LANGUAGE_STANDARD = gnu11;
				GCC_DYNAMIC_NO_PIC = NO;
				GCC_NO_COMMON_BLOCKS = YES;
				GCC_OPTIMIZATION_LEVEL = 0;
				GCC_PREPROCESSOR_DEFINITIONS = (
					"DEBUG=1",
					"$(inherited)",
				);
				GCC_WARN_64_TO_32_BIT_CONVERSION = YES;
				GCC_WARN_ABOUT_RETURN_TYPE = YES_ERROR;
				GCC_WARN_UNDECLARED_SELECTOR = YES;
				GCC_WARN_UNINITIALIZED_AUTOS = YES_AGGRESSIVE;
				GCC_WARN_UNUSED_FUNCTION = YES;
				GCC_WARN_UNUSED_VARIABLE = YES;
				IPHONEOS_DEPLOYMENT_TARGET = 11.1;
				MTL_ENABLE_DEBUG_INFO = YES;
				ONLY_ACTIVE_ARCH = YES;
				SDKROOT = iphoneos;
			};
			name = Debug;
		};
		5DD137061FD7CE8400D66B13 /* Release */ = {
			isa = XCBuildConfiguration;
			buildSettings = {
				ALWAYS_SEARCH_USER_PATHS = NO;
				CLANG_ANALYZER_NONNULL = YES;
				CLANG_ANALYZER_NUMBER_OBJECT_CONVERSION = YES_AGGRESSIVE;
				CLANG_CXX_LANGUAGE_STANDARD = "gnu++14";
				CLANG_CXX_LIBRARY = "libc++";
				CLANG_ENABLE_MODULES = YES;
				CLANG_ENABLE_OBJC_ARC = YES;
				CLANG_WARN_BLOCK_CAPTURE_AUTORELEASING = YES;
				CLANG_WARN_BOOL_CONVERSION = YES;
				CLANG_WARN_COMMA = YES;
				CLANG_WARN_CONSTANT_CONVERSION = YES;
				CLANG_WARN_DIRECT_OBJC_ISA_USAGE = YES_ERROR;
				CLANG_WARN_DOCUMENTATION_COMMENTS = YES;
				CLANG_WARN_EMPTY_BODY = YES;
				CLANG_WARN_ENUM_CONVERSION = YES;
				CLANG_WARN_INFINITE_RECURSION = YES;
				CLANG_WARN_INT_CONVERSION = YES;
				CLANG_WARN_NON_LITERAL_NULL_CONVERSION = YES;
				CLANG_WARN_OBJC_LITERAL_CONVERSION = YES;
				CLANG_WARN_OBJC_ROOT_CLASS = YES_ERROR;
				CLANG_WARN_RANGE_LOOP_ANALYSIS = YES;
				CLANG_WARN_STRICT_PROTOTYPES = YES;
				CLANG_WARN_SUSPICIOUS_MOVE = YES;
				CLANG_WARN_UNGUARDED_AVAILABILITY = YES_AGGRESSIVE;
				CLANG_WARN_UNREACHABLE_CODE = YES;
				CLANG_WARN__DUPLICATE_METHOD_MATCH = YES;
				CODE_SIGN_IDENTITY = "iPhone Developer";
				COPY_PHASE_STRIP = NO;
				DEBUG_INFORMATION_FORMAT = "dwarf-with-dsym";
				ENABLE_NS_ASSERTIONS = NO;
				ENABLE_STRICT_OBJC_MSGSEND = YES;
				GCC_C_LANGUAGE_STANDARD = gnu11;
				GCC_NO_COMMON_BLOCKS = YES;
				GCC_WARN_64_TO_32_BIT_CONVERSION = YES;
				GCC_WARN_ABOUT_RETURN_TYPE = YES_ERROR;
				GCC_WARN_UNDECLARED_SELECTOR = YES;
				GCC_WARN_UNINITIALIZED_AUTOS = YES_AGGRESSIVE;
				GCC_WARN_UNUSED_FUNCTION = YES;
				GCC_WARN_UNUSED_VARIABLE = YES;
				IPHONEOS_DEPLOYMENT_TARGET = 11.1;
				MTL_ENABLE_DEBUG_INFO = NO;
				SDKROOT = iphoneos;
				VALIDATE_PRODUCT = YES;
			};
			name = Release;
		};
		5DD137081FD7CE8400D66B13 /* Debug */ = {
			isa = XCBuildConfiguration;
			baseConfigurationReference = 61E87481CB641677A870198D /* Pods-koozeh-ios.debug.xcconfig */;
			buildSettings = {
				ASSETCATALOG_COMPILER_APPICON_NAME = AppIcon;
				CODE_SIGN_STYLE = Automatic;
				DEVELOPMENT_TEAM = PWP6HZXNXB;
				INFOPLIST_FILE = "koozeh-ios/Info.plist";
				IPHONEOS_DEPLOYMENT_TARGET = 9.3;
				LD_RUNPATH_SEARCH_PATHS = "$(inherited) @executable_path/Frameworks";
				PRODUCT_BUNDLE_IDENTIFIER = "ae.bina.koozeh-ios";
				PRODUCT_NAME = "$(TARGET_NAME)";
				TARGETED_DEVICE_FAMILY = "1,2";
			};
			name = Debug;
		};
		5DD137091FD7CE8400D66B13 /* Release */ = {
			isa = XCBuildConfiguration;
			baseConfigurationReference = 10009186FFCD4EBB194889A4 /* Pods-koozeh-ios.release.xcconfig */;
			buildSettings = {
				ASSETCATALOG_COMPILER_APPICON_NAME = AppIcon;
				CODE_SIGN_STYLE = Automatic;
				DEVELOPMENT_TEAM = PWP6HZXNXB;
				INFOPLIST_FILE = "koozeh-ios/Info.plist";
				IPHONEOS_DEPLOYMENT_TARGET = 9.3;
				LD_RUNPATH_SEARCH_PATHS = "$(inherited) @executable_path/Frameworks";
				PRODUCT_BUNDLE_IDENTIFIER = "ae.bina.koozeh-ios";
				PRODUCT_NAME = "$(TARGET_NAME)";
				TARGETED_DEVICE_FAMILY = "1,2";
			};
			name = Release;
		};
		5DD1370B1FD7CE8400D66B13 /* Debug */ = {
			isa = XCBuildConfiguration;
			baseConfigurationReference = 761A072C93034578FD4C4BA1 /* Pods-koozeh-iosTests.debug.xcconfig */;
			buildSettings = {
				BUNDLE_LOADER = "$(TEST_HOST)";
				CODE_SIGN_STYLE = Automatic;
				INFOPLIST_FILE = "koozeh-iosTests/Info.plist";
				LD_RUNPATH_SEARCH_PATHS = "$(inherited) @executable_path/Frameworks @loader_path/Frameworks";
				PRODUCT_BUNDLE_IDENTIFIER = "ir.bina.koozeh-iosTests";
				PRODUCT_NAME = "$(TARGET_NAME)";
				TARGETED_DEVICE_FAMILY = "1,2";
				TEST_HOST = "$(BUILT_PRODUCTS_DIR)/koozeh-ios.app/koozeh-ios";
			};
			name = Debug;
		};
		5DD1370C1FD7CE8400D66B13 /* Release */ = {
			isa = XCBuildConfiguration;
			baseConfigurationReference = 9190B1A79280B0F8E6D9350A /* Pods-koozeh-iosTests.release.xcconfig */;
			buildSettings = {
				BUNDLE_LOADER = "$(TEST_HOST)";
				CODE_SIGN_STYLE = Automatic;
				INFOPLIST_FILE = "koozeh-iosTests/Info.plist";
				LD_RUNPATH_SEARCH_PATHS = "$(inherited) @executable_path/Frameworks @loader_path/Frameworks";
				PRODUCT_BUNDLE_IDENTIFIER = "ir.bina.koozeh-iosTests";
				PRODUCT_NAME = "$(TARGET_NAME)";
				TARGETED_DEVICE_FAMILY = "1,2";
				TEST_HOST = "$(BUILT_PRODUCTS_DIR)/koozeh-ios.app/koozeh-ios";
			};
			name = Release;
		};
		5DD1370E1FD7CE8400D66B13 /* Debug */ = {
			isa = XCBuildConfiguration;
			baseConfigurationReference = 39852C06F1712EE4D36D3BDD /* Pods-koozeh-iosUITests.debug.xcconfig */;
			buildSettings = {
				CODE_SIGN_STYLE = Automatic;
				INFOPLIST_FILE = "koozeh-iosUITests/Info.plist";
				LD_RUNPATH_SEARCH_PATHS = "$(inherited) @executable_path/Frameworks @loader_path/Frameworks";
				PRODUCT_BUNDLE_IDENTIFIER = "ir.bina.koozeh-iosUITests";
				PRODUCT_NAME = "$(TARGET_NAME)";
				TARGETED_DEVICE_FAMILY = "1,2";
				TEST_TARGET_NAME = "koozeh-ios";
			};
			name = Debug;
		};
		5DD1370F1FD7CE8400D66B13 /* Release */ = {
			isa = XCBuildConfiguration;
			baseConfigurationReference = 8B455E82E0EA7DD943F35050 /* Pods-koozeh-iosUITests.release.xcconfig */;
			buildSettings = {
				CODE_SIGN_STYLE = Automatic;
				INFOPLIST_FILE = "koozeh-iosUITests/Info.plist";
				LD_RUNPATH_SEARCH_PATHS = "$(inherited) @executable_path/Frameworks @loader_path/Frameworks";
				PRODUCT_BUNDLE_IDENTIFIER = "ir.bina.koozeh-iosUITests";
				PRODUCT_NAME = "$(TARGET_NAME)";
				TARGETED_DEVICE_FAMILY = "1,2";
				TEST_TARGET_NAME = "koozeh-ios";
			};
			name = Release;
		};
/* End XCBuildConfiguration section */

/* Begin XCConfigurationList section */
		5DD136D61FD7CE8400D66B13 /* Build configuration list for PBXProject "koozeh-ios" */ = {
			isa = XCConfigurationList;
			buildConfigurations = (
				5DD137051FD7CE8400D66B13 /* Debug */,
				5DD137061FD7CE8400D66B13 /* Release */,
			);
			defaultConfigurationIsVisible = 0;
			defaultConfigurationName = Release;
		};
		5DD137071FD7CE8400D66B13 /* Build configuration list for PBXNativeTarget "koozeh-ios" */ = {
			isa = XCConfigurationList;
			buildConfigurations = (
				5DD137081FD7CE8400D66B13 /* Debug */,
				5DD137091FD7CE8400D66B13 /* Release */,
			);
			defaultConfigurationIsVisible = 0;
			defaultConfigurationName = Release;
		};
		5DD1370A1FD7CE8400D66B13 /* Build configuration list for PBXNativeTarget "koozeh-iosTests" */ = {
			isa = XCConfigurationList;
			buildConfigurations = (
				5DD1370B1FD7CE8400D66B13 /* Debug */,
				5DD1370C1FD7CE8400D66B13 /* Release */,
			);
			defaultConfigurationIsVisible = 0;
			defaultConfigurationName = Release;
		};
		5DD1370D1FD7CE8400D66B13 /* Build configuration list for PBXNativeTarget "koozeh-iosUITests" */ = {
			isa = XCConfigurationList;
			buildConfigurations = (
				5DD1370E1FD7CE8400D66B13 /* Debug */,
				5DD1370F1FD7CE8400D66B13 /* Release */,
			);
			defaultConfigurationIsVisible = 0;
			defaultConfigurationName = Release;
		};
/* End XCConfigurationList section */
	};
	rootObject = 5DD136D31FD7CE8400D66B13 /* Project object */;
}
